
Microsoft Visual Studio Solution File, Format Version 12.00
# Visual Studio Version 16
VisualStudioVersion = 16.0.28803.156
MinimumVisualStudioVersion = 15.0.26124.0
Project("{2150E333-8FDC-42A3-9474-1A3956D46DE8}") = "src", "src", "{0EB1A462-6A2B-42AC-B99C-8D61CBAD1ED2}"
EndProject
Project("{9A19103F-16F7-4668-BE54-9A1E7A4F7556}") = "SoftwarePioniere.Messaging", "src\SoftwarePioniere.Messaging\SoftwarePioniere.Messaging.csproj", "{5AB53D53-7499-4E82-A7CC-2AE0B145616B}"
EndProject
Project("{2150E333-8FDC-42A3-9474-1A3956D46DE8}") = "test", "test", "{FCF5EE34-47B3-4134-A459-2A1A465F2845}"
	ProjectSection(SolutionItems) = preProject
		test\Directory.Build.props = test\Directory.Build.props
	EndProjectSection
EndProject
Project("{9A19103F-16F7-4668-BE54-9A1E7A4F7556}") = "SoftwarePioniere.Messaging.Tests", "test\SoftwarePioniere.Messaging.Tests\SoftwarePioniere.Messaging.Tests.csproj", "{1B94ED97-7E69-4B25-B5A1-4BBDB61DE3DC}"
EndProject
Project("{9A19103F-16F7-4668-BE54-9A1E7A4F7556}") = "SoftwarePioniere.Messaging.TestHarness", "src\SoftwarePioniere.Messaging.TestHarness\SoftwarePioniere.Messaging.TestHarness.csproj", "{BB692DF9-50BF-42C5-8D02-376E5EACE698}"
EndProject
Project("{9A19103F-16F7-4668-BE54-9A1E7A4F7556}") = "SoftwarePioniere.DomainModel", "src\SoftwarePioniere.DomainModel\SoftwarePioniere.DomainModel.csproj", "{A90E9141-DE10-4188-835B-75FFD9388276}"
EndProject
Project("{9A19103F-16F7-4668-BE54-9A1E7A4F7556}") = "SoftwarePioniere.DomainModel.Services", "src\SoftwarePioniere.DomainModel.Services\SoftwarePioniere.DomainModel.Services.csproj", "{83E3DF11-3C88-40C1-9E19-DDC5C1E83704}"
EndProject
Project("{9A19103F-16F7-4668-BE54-9A1E7A4F7556}") = "SoftwarePioniere.DomainModel.TestHarness", "src\SoftwarePioniere.DomainModel.TestHarness\SoftwarePioniere.DomainModel.TestHarness.csproj", "{C0E9EA3E-BE89-49CE-A8DE-35CC42AA0648}"
EndProject
Project("{9A19103F-16F7-4668-BE54-9A1E7A4F7556}") = "SoftwarePioniere.ReadModel", "src\SoftwarePioniere.ReadModel\SoftwarePioniere.ReadModel.csproj", "{E3B6D012-F806-4F3F-B465-1AECA08E9FDF}"
EndProject
Project("{9A19103F-16F7-4668-BE54-9A1E7A4F7556}") = "SoftwarePioniere.ReadModel.Services", "src\SoftwarePioniere.ReadModel.Services\SoftwarePioniere.ReadModel.Services.csproj", "{BFF00385-A08C-415C-807C-BAA1ED151FE2}"
EndProject
Project("{9A19103F-16F7-4668-BE54-9A1E7A4F7556}") = "SoftwarePioniere.ReadModel.TestHarness", "src\SoftwarePioniere.ReadModel.TestHarness\SoftwarePioniere.ReadModel.TestHarness.csproj", "{976D2568-6F1D-4417-99D8-E2A8B36FFD30}"
EndProject
Project("{9A19103F-16F7-4668-BE54-9A1E7A4F7556}") = "SoftwarePioniere.DomainModel.Services.Tests", "test\SoftwarePioniere.DomainModel.Services.Tests\SoftwarePioniere.DomainModel.Services.Tests.csproj", "{F1AC34C7-285C-47F6-88F2-C34A131E6326}"
EndProject
Project("{9A19103F-16F7-4668-BE54-9A1E7A4F7556}") = "SoftwarePioniere.DomainModel.Tests", "test\SoftwarePioniere.DomainModel.Tests\SoftwarePioniere.DomainModel.Tests.csproj", "{A7AD933F-A47D-4FF8-830B-18167B62EBF3}"
EndProject
Project("{9A19103F-16F7-4668-BE54-9A1E7A4F7556}") = "SoftwarePioniere.ReadModel.Services.Tests", "test\SoftwarePioniere.ReadModel.Services.Tests\SoftwarePioniere.ReadModel.Services.Tests.csproj", "{1052CE20-E364-4FB1-B572-4EA2C3B2B808}"
EndProject
Project("{9A19103F-16F7-4668-BE54-9A1E7A4F7556}") = "SoftwarePioniere.ReadModel.Tests", "test\SoftwarePioniere.ReadModel.Tests\SoftwarePioniere.ReadModel.Tests.csproj", "{2B3796C5-A674-4FD4-BD7E-7E0BDE9A663E}"
EndProject
Project("{9A19103F-16F7-4668-BE54-9A1E7A4F7556}") = "SoftwarePioniere.TestHarness", "src\SoftwarePioniere.TestHarness\SoftwarePioniere.TestHarness.csproj", "{5C790D09-E77B-473F-8991-DDA6B973038E}"
EndProject
Project("{9A19103F-16F7-4668-BE54-9A1E7A4F7556}") = "SoftwarePioniere.Foundatio", "src\SoftwarePioniere.Foundatio\SoftwarePioniere.Foundatio.csproj", "{4A904ED7-DCE3-4E75-9D51-98382BC4BFB7}"
EndProject
Project("{9A19103F-16F7-4668-BE54-9A1E7A4F7556}") = "SoftwarePioniere.Projections", "src\SoftwarePioniere.Projections\SoftwarePioniere.Projections.csproj", "{D2499532-2523-431D-9EE0-0997C16579F7}"
EndProject
Project("{9A19103F-16F7-4668-BE54-9A1E7A4F7556}") = "SoftwarePioniere.Foundatio.Redis", "src\SoftwarePioniere.Foundatio.Redis\SoftwarePioniere.Foundatio.Redis.csproj", "{0E6C5C29-0867-48E5-BDD3-B85B54684877}"
EndProject
Project("{2150E333-8FDC-42A3-9474-1A3956D46DE8}") = "Solution Items", "Solution Items", "{45588F03-FEE0-4F8C-8179-BDAE5C4749BF}"
	ProjectSection(SolutionItems) = preProject
		Directory.Build.props = Directory.Build.props
		Dockerfile = Dockerfile
	EndProjectSection
EndProject
Project("{9A19103F-16F7-4668-BE54-9A1E7A4F7556}") = "SoftwarePioniere.Projections.Services", "src\SoftwarePioniere.Projections.Services\SoftwarePioniere.Projections.Services.csproj", "{22F32BCF-E0F8-47DA-BF2E-29B2BFE6B7C7}"
EndProject
Project("{9A19103F-16F7-4668-BE54-9A1E7A4F7556}") = "SoftwarePioniere.Clients", "src\SoftwarePioniere.Clients\SoftwarePioniere.Clients.csproj", "{45C1345F-F0E4-41A1-A164-6D53201F8F7B}"
EndProject
Project("{9A19103F-16F7-4668-BE54-9A1E7A4F7556}") = "SoftwarePioniere.Clients.Tests", "test\SoftwarePioniere.Clients.Tests\SoftwarePioniere.Clients.Tests.csproj", "{C59E0EBB-4F6F-4951-A2B8-0B6164E188BC}"
EndProject
Project("{9A19103F-16F7-4668-BE54-9A1E7A4F7556}") = "SoftwarePioniere.Extensions", "src\SoftwarePioniere.Extensions\SoftwarePioniere.Extensions.csproj", "{EDDCF609-C2BC-484F-96E5-BB4AA8E5734D}"
EndProject
Project("{9A19103F-16F7-4668-BE54-9A1E7A4F7556}") = "SoftwarePioniere.Caching.Abstractions", "src\SoftwarePioniere.Caching.Abstractions\SoftwarePioniere.Caching.Abstractions.csproj", "{34862DDD-2320-4816-976B-BEFF1F5ADD56}"
EndProject
Project("{9A19103F-16F7-4668-BE54-9A1E7A4F7556}") = "SoftwarePioniere.ReadModel.Extensions", "src\SoftwarePioniere.ReadModel.Extensions\SoftwarePioniere.ReadModel.Extensions.csproj", "{508F1F6E-73E1-4B30-B4C3-DDC599DDC236}"
EndProject
Project("{9A19103F-16F7-4668-BE54-9A1E7A4F7556}") = "SoftwarePioniere.Extensions.Tests", "test\SoftwarePioniere.Extensions.Tests\SoftwarePioniere.Extensions.Tests.csproj", "{FB3C543B-A918-462B-AA49-84E497378E8A}"
EndProject
Project("{9A19103F-16F7-4668-BE54-9A1E7A4F7556}") = "SoftwarePioniere.Messaging.Services", "src\SoftwarePioniere.Messaging.Services\SoftwarePioniere.Messaging.Services.csproj", "{599D2C17-749F-431A-BA42-D4490AEB4D79}"
EndProject
Project("{9A19103F-16F7-4668-BE54-9A1E7A4F7556}") = "SoftwarePioniere.AspNetCore", "src\SoftwarePioniere.AspNetCore\SoftwarePioniere.AspNetCore.csproj", "{92FDBA76-0FBD-43CC-AA56-B8BEC5450AE6}"
EndProject
Project("{9A19103F-16F7-4668-BE54-9A1E7A4F7556}") = "SoftwarePioniere.AspNetCore.Extensions", "src\SoftwarePioniere.AspNetCore.Extensions\SoftwarePioniere.AspNetCore.Extensions.csproj", "{DA4877C8-7F25-4666-9B7E-3AC104AED712}"
EndProject
Project("{9A19103F-16F7-4668-BE54-9A1E7A4F7556}") = "SoftwarePioniere.Messaging.Services.ApplicationInsights", "src\SoftwarePioniere.Messaging.Services.ApplicationInsights\SoftwarePioniere.Messaging.Services.ApplicationInsights.csproj", "{16CC3423-DA8F-41BB-A881-E3A7FD80B8D4}"
EndProject
Project("{9A19103F-16F7-4668-BE54-9A1E7A4F7556}") = "SoftwarePioniere.Caching", "src\SoftwarePioniere.Caching\SoftwarePioniere.Caching.csproj", "{F21C47BE-9A9C-407C-8249-F7DF65260DA4}"
EndProject
Project("{9A19103F-16F7-4668-BE54-9A1E7A4F7556}") = "SoftwarePioniere.Hosting", "src\SoftwarePioniere.Hosting\SoftwarePioniere.Hosting.csproj", "{4D2DE4BE-5A7A-45F1-87F6-698AEC610EE0}"
EndProject
Project("{9A19103F-16F7-4668-BE54-9A1E7A4F7556}") = "SoftwarePioniere.EventStore", "src\SoftwarePioniere.EventStore\SoftwarePioniere.EventStore.csproj", "{027159B5-FE45-4112-8281-2CB8DCCCD8AF}"
EndProject
Project("{9A19103F-16F7-4668-BE54-9A1E7A4F7556}") = "SoftwarePioniere.EventStore.TestHarness", "src\SoftwarePioniere.EventStore.TestHarness\SoftwarePioniere.EventStore.TestHarness.csproj", "{4A215668-06EE-40D2-AC53-1C655A459857}"
EndProject
Project("{9A19103F-16F7-4668-BE54-9A1E7A4F7556}") = "SoftwarePioniere.DomainModel.Services.EventStore", "src\SoftwarePioniere.DomainModel.Services.EventStore\SoftwarePioniere.DomainModel.Services.EventStore.csproj", "{F15E19FC-23CB-4AC4-A81E-84B3BF83F89B}"
EndProject
Project("{9A19103F-16F7-4668-BE54-9A1E7A4F7556}") = "SoftwarePioniere.Projections.Services.EventStore", "src\SoftwarePioniere.Projections.Services.EventStore\SoftwarePioniere.Projections.Services.EventStore.csproj", "{B4A95777-A9F5-487B-91BE-F77B05392E0C}"
EndProject
Project("{9A19103F-16F7-4668-BE54-9A1E7A4F7556}") = "SoftwarePioniere.ReadModel.Services.AzureCosmosDb", "src\SoftwarePioniere.ReadModel.Services.AzureCosmosDb\SoftwarePioniere.ReadModel.Services.AzureCosmosDb.csproj", "{EEEECD76-6E6A-4715-B5D6-4CD964F852D9}"
EndProject
Project("{9A19103F-16F7-4668-BE54-9A1E7A4F7556}") = "SoftwarePioniere.ReadModel.Services.MongoDb", "src\SoftwarePioniere.ReadModel.Services.MongoDb\SoftwarePioniere.ReadModel.Services.MongoDb.csproj", "{92B34C53-A3E1-4166-A3DC-808314828BE3}"
EndProject
Project("{9A19103F-16F7-4668-BE54-9A1E7A4F7556}") = "SoftwarePioniere.EventStore.Tests", "test\SoftwarePioniere.EventStore.Tests\SoftwarePioniere.EventStore.Tests.csproj", "{CCDBC046-2FA4-46E3-8151-E50B577D6D6B}"
EndProject
Project("{9A19103F-16F7-4668-BE54-9A1E7A4F7556}") = "SoftwarePioniere.ReadModel.Services.MongoDb.Tests", "test\SoftwarePioniere.ReadModel.Services.MongoDb.Tests\SoftwarePioniere.ReadModel.Services.MongoDb.Tests.csproj", "{D1A98771-4E03-49C4-A48E-C4764E736DF7}"
EndProject
Project("{9A19103F-16F7-4668-BE54-9A1E7A4F7556}") = "SoftwarePioniere.ReadModel.Services.AzureCosmosDb.Tests", "test\SoftwarePioniere.ReadModel.Services.AzureCosmosDb.Tests\SoftwarePioniere.ReadModel.Services.AzureCosmosDb.Tests.csproj", "{1656C1F9-7BC3-47BF-AD76-BDB3311EF381}"
EndProject
Project("{9A19103F-16F7-4668-BE54-9A1E7A4F7556}") = "SoftwarePioniere.DomainModel.Services.Abstractions", "src\SoftwarePioniere.DomainModel.Services.Abstractions\SoftwarePioniere.DomainModel.Services.Abstractions.csproj", "{FB6E73FD-CE44-48E9-8AEC-1091380DB914}"
EndProject
Project("{9A19103F-16F7-4668-BE54-9A1E7A4F7556}") = "SoftwarePioniere.Messaging.Services.Abstractions", "src\SoftwarePioniere.Messaging.Services.Abstractions\SoftwarePioniere.Messaging.Services.Abstractions.csproj", "{983D25C5-22A9-4EE6-A8F0-6451BBBFB3EB}"
EndProject
Project("{9A19103F-16F7-4668-BE54-9A1E7A4F7556}") = "SoftwarePioniere.Projections.Services.Abstractions", "src\SoftwarePioniere.Projections.Services.Abstractions\SoftwarePioniere.Projections.Services.Abstractions.csproj", "{7A164F8F-B441-4CD1-AFAE-48C9BC01845C}"
EndProject
Project("{9A19103F-16F7-4668-BE54-9A1E7A4F7556}") = "SoftwarePioniere.ReadModel.Services.Abstractions", "src\SoftwarePioniere.ReadModel.Services.Abstractions\SoftwarePioniere.ReadModel.Services.Abstractions.csproj", "{D54A8678-F935-4421-BAA8-C0D5B2CE33E6}"
EndProject
Global
	GlobalSection(SolutionConfigurationPlatforms) = preSolution
		Debug|Any CPU = Debug|Any CPU
		Debug|x64 = Debug|x64
		Debug|x86 = Debug|x86
		Release|Any CPU = Release|Any CPU
		Release|x64 = Release|x64
		Release|x86 = Release|x86
	EndGlobalSection
	GlobalSection(ProjectConfigurationPlatforms) = postSolution
		{5AB53D53-7499-4E82-A7CC-2AE0B145616B}.Debug|Any CPU.ActiveCfg = Debug|Any CPU
		{5AB53D53-7499-4E82-A7CC-2AE0B145616B}.Debug|Any CPU.Build.0 = Debug|Any CPU
		{5AB53D53-7499-4E82-A7CC-2AE0B145616B}.Debug|x64.ActiveCfg = Debug|Any CPU
		{5AB53D53-7499-4E82-A7CC-2AE0B145616B}.Debug|x64.Build.0 = Debug|Any CPU
		{5AB53D53-7499-4E82-A7CC-2AE0B145616B}.Debug|x86.ActiveCfg = Debug|Any CPU
		{5AB53D53-7499-4E82-A7CC-2AE0B145616B}.Debug|x86.Build.0 = Debug|Any CPU
		{5AB53D53-7499-4E82-A7CC-2AE0B145616B}.Release|Any CPU.ActiveCfg = Release|Any CPU
		{5AB53D53-7499-4E82-A7CC-2AE0B145616B}.Release|Any CPU.Build.0 = Release|Any CPU
		{5AB53D53-7499-4E82-A7CC-2AE0B145616B}.Release|x64.ActiveCfg = Release|Any CPU
		{5AB53D53-7499-4E82-A7CC-2AE0B145616B}.Release|x64.Build.0 = Release|Any CPU
		{5AB53D53-7499-4E82-A7CC-2AE0B145616B}.Release|x86.ActiveCfg = Release|Any CPU
		{5AB53D53-7499-4E82-A7CC-2AE0B145616B}.Release|x86.Build.0 = Release|Any CPU
		{1B94ED97-7E69-4B25-B5A1-4BBDB61DE3DC}.Debug|Any CPU.ActiveCfg = Debug|Any CPU
		{1B94ED97-7E69-4B25-B5A1-4BBDB61DE3DC}.Debug|Any CPU.Build.0 = Debug|Any CPU
		{1B94ED97-7E69-4B25-B5A1-4BBDB61DE3DC}.Debug|x64.ActiveCfg = Debug|Any CPU
		{1B94ED97-7E69-4B25-B5A1-4BBDB61DE3DC}.Debug|x64.Build.0 = Debug|Any CPU
		{1B94ED97-7E69-4B25-B5A1-4BBDB61DE3DC}.Debug|x86.ActiveCfg = Debug|Any CPU
		{1B94ED97-7E69-4B25-B5A1-4BBDB61DE3DC}.Debug|x86.Build.0 = Debug|Any CPU
		{1B94ED97-7E69-4B25-B5A1-4BBDB61DE3DC}.Release|Any CPU.ActiveCfg = Release|Any CPU
		{1B94ED97-7E69-4B25-B5A1-4BBDB61DE3DC}.Release|Any CPU.Build.0 = Release|Any CPU
		{1B94ED97-7E69-4B25-B5A1-4BBDB61DE3DC}.Release|x64.ActiveCfg = Release|Any CPU
		{1B94ED97-7E69-4B25-B5A1-4BBDB61DE3DC}.Release|x64.Build.0 = Release|Any CPU
		{1B94ED97-7E69-4B25-B5A1-4BBDB61DE3DC}.Release|x86.ActiveCfg = Release|Any CPU
		{1B94ED97-7E69-4B25-B5A1-4BBDB61DE3DC}.Release|x86.Build.0 = Release|Any CPU
		{BB692DF9-50BF-42C5-8D02-376E5EACE698}.Debug|Any CPU.ActiveCfg = Debug|Any CPU
		{BB692DF9-50BF-42C5-8D02-376E5EACE698}.Debug|Any CPU.Build.0 = Debug|Any CPU
		{BB692DF9-50BF-42C5-8D02-376E5EACE698}.Debug|x64.ActiveCfg = Debug|Any CPU
		{BB692DF9-50BF-42C5-8D02-376E5EACE698}.Debug|x64.Build.0 = Debug|Any CPU
		{BB692DF9-50BF-42C5-8D02-376E5EACE698}.Debug|x86.ActiveCfg = Debug|Any CPU
		{BB692DF9-50BF-42C5-8D02-376E5EACE698}.Debug|x86.Build.0 = Debug|Any CPU
		{BB692DF9-50BF-42C5-8D02-376E5EACE698}.Release|Any CPU.ActiveCfg = Release|Any CPU
		{BB692DF9-50BF-42C5-8D02-376E5EACE698}.Release|Any CPU.Build.0 = Release|Any CPU
		{BB692DF9-50BF-42C5-8D02-376E5EACE698}.Release|x64.ActiveCfg = Release|Any CPU
		{BB692DF9-50BF-42C5-8D02-376E5EACE698}.Release|x64.Build.0 = Release|Any CPU
		{BB692DF9-50BF-42C5-8D02-376E5EACE698}.Release|x86.ActiveCfg = Release|Any CPU
		{BB692DF9-50BF-42C5-8D02-376E5EACE698}.Release|x86.Build.0 = Release|Any CPU
		{A90E9141-DE10-4188-835B-75FFD9388276}.Debug|Any CPU.ActiveCfg = Debug|Any CPU
		{A90E9141-DE10-4188-835B-75FFD9388276}.Debug|Any CPU.Build.0 = Debug|Any CPU
		{A90E9141-DE10-4188-835B-75FFD9388276}.Debug|x64.ActiveCfg = Debug|Any CPU
		{A90E9141-DE10-4188-835B-75FFD9388276}.Debug|x64.Build.0 = Debug|Any CPU
		{A90E9141-DE10-4188-835B-75FFD9388276}.Debug|x86.ActiveCfg = Debug|Any CPU
		{A90E9141-DE10-4188-835B-75FFD9388276}.Debug|x86.Build.0 = Debug|Any CPU
		{A90E9141-DE10-4188-835B-75FFD9388276}.Release|Any CPU.ActiveCfg = Release|Any CPU
		{A90E9141-DE10-4188-835B-75FFD9388276}.Release|Any CPU.Build.0 = Release|Any CPU
		{A90E9141-DE10-4188-835B-75FFD9388276}.Release|x64.ActiveCfg = Release|Any CPU
		{A90E9141-DE10-4188-835B-75FFD9388276}.Release|x64.Build.0 = Release|Any CPU
		{A90E9141-DE10-4188-835B-75FFD9388276}.Release|x86.ActiveCfg = Release|Any CPU
		{A90E9141-DE10-4188-835B-75FFD9388276}.Release|x86.Build.0 = Release|Any CPU
		{83E3DF11-3C88-40C1-9E19-DDC5C1E83704}.Debug|Any CPU.ActiveCfg = Debug|Any CPU
		{83E3DF11-3C88-40C1-9E19-DDC5C1E83704}.Debug|Any CPU.Build.0 = Debug|Any CPU
		{83E3DF11-3C88-40C1-9E19-DDC5C1E83704}.Debug|x64.ActiveCfg = Debug|Any CPU
		{83E3DF11-3C88-40C1-9E19-DDC5C1E83704}.Debug|x64.Build.0 = Debug|Any CPU
		{83E3DF11-3C88-40C1-9E19-DDC5C1E83704}.Debug|x86.ActiveCfg = Debug|Any CPU
		{83E3DF11-3C88-40C1-9E19-DDC5C1E83704}.Debug|x86.Build.0 = Debug|Any CPU
		{83E3DF11-3C88-40C1-9E19-DDC5C1E83704}.Release|Any CPU.ActiveCfg = Release|Any CPU
		{83E3DF11-3C88-40C1-9E19-DDC5C1E83704}.Release|Any CPU.Build.0 = Release|Any CPU
		{83E3DF11-3C88-40C1-9E19-DDC5C1E83704}.Release|x64.ActiveCfg = Release|Any CPU
		{83E3DF11-3C88-40C1-9E19-DDC5C1E83704}.Release|x64.Build.0 = Release|Any CPU
		{83E3DF11-3C88-40C1-9E19-DDC5C1E83704}.Release|x86.ActiveCfg = Release|Any CPU
		{83E3DF11-3C88-40C1-9E19-DDC5C1E83704}.Release|x86.Build.0 = Release|Any CPU
		{C0E9EA3E-BE89-49CE-A8DE-35CC42AA0648}.Debug|Any CPU.ActiveCfg = Debug|Any CPU
		{C0E9EA3E-BE89-49CE-A8DE-35CC42AA0648}.Debug|Any CPU.Build.0 = Debug|Any CPU
		{C0E9EA3E-BE89-49CE-A8DE-35CC42AA0648}.Debug|x64.ActiveCfg = Debug|Any CPU
		{C0E9EA3E-BE89-49CE-A8DE-35CC42AA0648}.Debug|x64.Build.0 = Debug|Any CPU
		{C0E9EA3E-BE89-49CE-A8DE-35CC42AA0648}.Debug|x86.ActiveCfg = Debug|Any CPU
		{C0E9EA3E-BE89-49CE-A8DE-35CC42AA0648}.Debug|x86.Build.0 = Debug|Any CPU
		{C0E9EA3E-BE89-49CE-A8DE-35CC42AA0648}.Release|Any CPU.ActiveCfg = Release|Any CPU
		{C0E9EA3E-BE89-49CE-A8DE-35CC42AA0648}.Release|Any CPU.Build.0 = Release|Any CPU
		{C0E9EA3E-BE89-49CE-A8DE-35CC42AA0648}.Release|x64.ActiveCfg = Release|Any CPU
		{C0E9EA3E-BE89-49CE-A8DE-35CC42AA0648}.Release|x64.Build.0 = Release|Any CPU
		{C0E9EA3E-BE89-49CE-A8DE-35CC42AA0648}.Release|x86.ActiveCfg = Release|Any CPU
		{C0E9EA3E-BE89-49CE-A8DE-35CC42AA0648}.Release|x86.Build.0 = Release|Any CPU
		{E3B6D012-F806-4F3F-B465-1AECA08E9FDF}.Debug|Any CPU.ActiveCfg = Debug|Any CPU
		{E3B6D012-F806-4F3F-B465-1AECA08E9FDF}.Debug|Any CPU.Build.0 = Debug|Any CPU
		{E3B6D012-F806-4F3F-B465-1AECA08E9FDF}.Debug|x64.ActiveCfg = Debug|Any CPU
		{E3B6D012-F806-4F3F-B465-1AECA08E9FDF}.Debug|x64.Build.0 = Debug|Any CPU
		{E3B6D012-F806-4F3F-B465-1AECA08E9FDF}.Debug|x86.ActiveCfg = Debug|Any CPU
		{E3B6D012-F806-4F3F-B465-1AECA08E9FDF}.Debug|x86.Build.0 = Debug|Any CPU
		{E3B6D012-F806-4F3F-B465-1AECA08E9FDF}.Release|Any CPU.ActiveCfg = Release|Any CPU
		{E3B6D012-F806-4F3F-B465-1AECA08E9FDF}.Release|Any CPU.Build.0 = Release|Any CPU
		{E3B6D012-F806-4F3F-B465-1AECA08E9FDF}.Release|x64.ActiveCfg = Release|Any CPU
		{E3B6D012-F806-4F3F-B465-1AECA08E9FDF}.Release|x64.Build.0 = Release|Any CPU
		{E3B6D012-F806-4F3F-B465-1AECA08E9FDF}.Release|x86.ActiveCfg = Release|Any CPU
		{E3B6D012-F806-4F3F-B465-1AECA08E9FDF}.Release|x86.Build.0 = Release|Any CPU
		{BFF00385-A08C-415C-807C-BAA1ED151FE2}.Debug|Any CPU.ActiveCfg = Debug|Any CPU
		{BFF00385-A08C-415C-807C-BAA1ED151FE2}.Debug|Any CPU.Build.0 = Debug|Any CPU
		{BFF00385-A08C-415C-807C-BAA1ED151FE2}.Debug|x64.ActiveCfg = Debug|Any CPU
		{BFF00385-A08C-415C-807C-BAA1ED151FE2}.Debug|x64.Build.0 = Debug|Any CPU
		{BFF00385-A08C-415C-807C-BAA1ED151FE2}.Debug|x86.ActiveCfg = Debug|Any CPU
		{BFF00385-A08C-415C-807C-BAA1ED151FE2}.Debug|x86.Build.0 = Debug|Any CPU
		{BFF00385-A08C-415C-807C-BAA1ED151FE2}.Release|Any CPU.ActiveCfg = Release|Any CPU
		{BFF00385-A08C-415C-807C-BAA1ED151FE2}.Release|Any CPU.Build.0 = Release|Any CPU
		{BFF00385-A08C-415C-807C-BAA1ED151FE2}.Release|x64.ActiveCfg = Release|Any CPU
		{BFF00385-A08C-415C-807C-BAA1ED151FE2}.Release|x64.Build.0 = Release|Any CPU
		{BFF00385-A08C-415C-807C-BAA1ED151FE2}.Release|x86.ActiveCfg = Release|Any CPU
		{BFF00385-A08C-415C-807C-BAA1ED151FE2}.Release|x86.Build.0 = Release|Any CPU
		{976D2568-6F1D-4417-99D8-E2A8B36FFD30}.Debug|Any CPU.ActiveCfg = Debug|Any CPU
		{976D2568-6F1D-4417-99D8-E2A8B36FFD30}.Debug|Any CPU.Build.0 = Debug|Any CPU
		{976D2568-6F1D-4417-99D8-E2A8B36FFD30}.Debug|x64.ActiveCfg = Debug|Any CPU
		{976D2568-6F1D-4417-99D8-E2A8B36FFD30}.Debug|x64.Build.0 = Debug|Any CPU
		{976D2568-6F1D-4417-99D8-E2A8B36FFD30}.Debug|x86.ActiveCfg = Debug|Any CPU
		{976D2568-6F1D-4417-99D8-E2A8B36FFD30}.Debug|x86.Build.0 = Debug|Any CPU
		{976D2568-6F1D-4417-99D8-E2A8B36FFD30}.Release|Any CPU.ActiveCfg = Release|Any CPU
		{976D2568-6F1D-4417-99D8-E2A8B36FFD30}.Release|Any CPU.Build.0 = Release|Any CPU
		{976D2568-6F1D-4417-99D8-E2A8B36FFD30}.Release|x64.ActiveCfg = Release|Any CPU
		{976D2568-6F1D-4417-99D8-E2A8B36FFD30}.Release|x64.Build.0 = Release|Any CPU
		{976D2568-6F1D-4417-99D8-E2A8B36FFD30}.Release|x86.ActiveCfg = Release|Any CPU
		{976D2568-6F1D-4417-99D8-E2A8B36FFD30}.Release|x86.Build.0 = Release|Any CPU
		{F1AC34C7-285C-47F6-88F2-C34A131E6326}.Debug|Any CPU.ActiveCfg = Debug|Any CPU
		{F1AC34C7-285C-47F6-88F2-C34A131E6326}.Debug|Any CPU.Build.0 = Debug|Any CPU
		{F1AC34C7-285C-47F6-88F2-C34A131E6326}.Debug|x64.ActiveCfg = Debug|Any CPU
		{F1AC34C7-285C-47F6-88F2-C34A131E6326}.Debug|x64.Build.0 = Debug|Any CPU
		{F1AC34C7-285C-47F6-88F2-C34A131E6326}.Debug|x86.ActiveCfg = Debug|Any CPU
		{F1AC34C7-285C-47F6-88F2-C34A131E6326}.Debug|x86.Build.0 = Debug|Any CPU
		{F1AC34C7-285C-47F6-88F2-C34A131E6326}.Release|Any CPU.ActiveCfg = Release|Any CPU
		{F1AC34C7-285C-47F6-88F2-C34A131E6326}.Release|Any CPU.Build.0 = Release|Any CPU
		{F1AC34C7-285C-47F6-88F2-C34A131E6326}.Release|x64.ActiveCfg = Release|Any CPU
		{F1AC34C7-285C-47F6-88F2-C34A131E6326}.Release|x64.Build.0 = Release|Any CPU
		{F1AC34C7-285C-47F6-88F2-C34A131E6326}.Release|x86.ActiveCfg = Release|Any CPU
		{F1AC34C7-285C-47F6-88F2-C34A131E6326}.Release|x86.Build.0 = Release|Any CPU
		{A7AD933F-A47D-4FF8-830B-18167B62EBF3}.Debug|Any CPU.ActiveCfg = Debug|Any CPU
		{A7AD933F-A47D-4FF8-830B-18167B62EBF3}.Debug|Any CPU.Build.0 = Debug|Any CPU
		{A7AD933F-A47D-4FF8-830B-18167B62EBF3}.Debug|x64.ActiveCfg = Debug|Any CPU
		{A7AD933F-A47D-4FF8-830B-18167B62EBF3}.Debug|x64.Build.0 = Debug|Any CPU
		{A7AD933F-A47D-4FF8-830B-18167B62EBF3}.Debug|x86.ActiveCfg = Debug|Any CPU
		{A7AD933F-A47D-4FF8-830B-18167B62EBF3}.Debug|x86.Build.0 = Debug|Any CPU
		{A7AD933F-A47D-4FF8-830B-18167B62EBF3}.Release|Any CPU.ActiveCfg = Release|Any CPU
		{A7AD933F-A47D-4FF8-830B-18167B62EBF3}.Release|Any CPU.Build.0 = Release|Any CPU
		{A7AD933F-A47D-4FF8-830B-18167B62EBF3}.Release|x64.ActiveCfg = Release|Any CPU
		{A7AD933F-A47D-4FF8-830B-18167B62EBF3}.Release|x64.Build.0 = Release|Any CPU
		{A7AD933F-A47D-4FF8-830B-18167B62EBF3}.Release|x86.ActiveCfg = Release|Any CPU
		{A7AD933F-A47D-4FF8-830B-18167B62EBF3}.Release|x86.Build.0 = Release|Any CPU
		{1052CE20-E364-4FB1-B572-4EA2C3B2B808}.Debug|Any CPU.ActiveCfg = Debug|Any CPU
		{1052CE20-E364-4FB1-B572-4EA2C3B2B808}.Debug|Any CPU.Build.0 = Debug|Any CPU
		{1052CE20-E364-4FB1-B572-4EA2C3B2B808}.Debug|x64.ActiveCfg = Debug|Any CPU
		{1052CE20-E364-4FB1-B572-4EA2C3B2B808}.Debug|x64.Build.0 = Debug|Any CPU
		{1052CE20-E364-4FB1-B572-4EA2C3B2B808}.Debug|x86.ActiveCfg = Debug|Any CPU
		{1052CE20-E364-4FB1-B572-4EA2C3B2B808}.Debug|x86.Build.0 = Debug|Any CPU
		{1052CE20-E364-4FB1-B572-4EA2C3B2B808}.Release|Any CPU.ActiveCfg = Release|Any CPU
		{1052CE20-E364-4FB1-B572-4EA2C3B2B808}.Release|Any CPU.Build.0 = Release|Any CPU
		{1052CE20-E364-4FB1-B572-4EA2C3B2B808}.Release|x64.ActiveCfg = Release|Any CPU
		{1052CE20-E364-4FB1-B572-4EA2C3B2B808}.Release|x64.Build.0 = Release|Any CPU
		{1052CE20-E364-4FB1-B572-4EA2C3B2B808}.Release|x86.ActiveCfg = Release|Any CPU
		{1052CE20-E364-4FB1-B572-4EA2C3B2B808}.Release|x86.Build.0 = Release|Any CPU
		{2B3796C5-A674-4FD4-BD7E-7E0BDE9A663E}.Debug|Any CPU.ActiveCfg = Debug|Any CPU
		{2B3796C5-A674-4FD4-BD7E-7E0BDE9A663E}.Debug|Any CPU.Build.0 = Debug|Any CPU
		{2B3796C5-A674-4FD4-BD7E-7E0BDE9A663E}.Debug|x64.ActiveCfg = Debug|Any CPU
		{2B3796C5-A674-4FD4-BD7E-7E0BDE9A663E}.Debug|x64.Build.0 = Debug|Any CPU
		{2B3796C5-A674-4FD4-BD7E-7E0BDE9A663E}.Debug|x86.ActiveCfg = Debug|Any CPU
		{2B3796C5-A674-4FD4-BD7E-7E0BDE9A663E}.Debug|x86.Build.0 = Debug|Any CPU
		{2B3796C5-A674-4FD4-BD7E-7E0BDE9A663E}.Release|Any CPU.ActiveCfg = Release|Any CPU
		{2B3796C5-A674-4FD4-BD7E-7E0BDE9A663E}.Release|Any CPU.Build.0 = Release|Any CPU
		{2B3796C5-A674-4FD4-BD7E-7E0BDE9A663E}.Release|x64.ActiveCfg = Release|Any CPU
		{2B3796C5-A674-4FD4-BD7E-7E0BDE9A663E}.Release|x64.Build.0 = Release|Any CPU
		{2B3796C5-A674-4FD4-BD7E-7E0BDE9A663E}.Release|x86.ActiveCfg = Release|Any CPU
		{2B3796C5-A674-4FD4-BD7E-7E0BDE9A663E}.Release|x86.Build.0 = Release|Any CPU
		{5C790D09-E77B-473F-8991-DDA6B973038E}.Debug|Any CPU.ActiveCfg = Debug|Any CPU
		{5C790D09-E77B-473F-8991-DDA6B973038E}.Debug|Any CPU.Build.0 = Debug|Any CPU
		{5C790D09-E77B-473F-8991-DDA6B973038E}.Debug|x64.ActiveCfg = Debug|Any CPU
		{5C790D09-E77B-473F-8991-DDA6B973038E}.Debug|x64.Build.0 = Debug|Any CPU
		{5C790D09-E77B-473F-8991-DDA6B973038E}.Debug|x86.ActiveCfg = Debug|Any CPU
		{5C790D09-E77B-473F-8991-DDA6B973038E}.Debug|x86.Build.0 = Debug|Any CPU
		{5C790D09-E77B-473F-8991-DDA6B973038E}.Release|Any CPU.ActiveCfg = Release|Any CPU
		{5C790D09-E77B-473F-8991-DDA6B973038E}.Release|Any CPU.Build.0 = Release|Any CPU
		{5C790D09-E77B-473F-8991-DDA6B973038E}.Release|x64.ActiveCfg = Release|Any CPU
		{5C790D09-E77B-473F-8991-DDA6B973038E}.Release|x64.Build.0 = Release|Any CPU
		{5C790D09-E77B-473F-8991-DDA6B973038E}.Release|x86.ActiveCfg = Release|Any CPU
		{5C790D09-E77B-473F-8991-DDA6B973038E}.Release|x86.Build.0 = Release|Any CPU
		{4A904ED7-DCE3-4E75-9D51-98382BC4BFB7}.Debug|Any CPU.ActiveCfg = Debug|Any CPU
		{4A904ED7-DCE3-4E75-9D51-98382BC4BFB7}.Debug|Any CPU.Build.0 = Debug|Any CPU
		{4A904ED7-DCE3-4E75-9D51-98382BC4BFB7}.Debug|x64.ActiveCfg = Debug|Any CPU
		{4A904ED7-DCE3-4E75-9D51-98382BC4BFB7}.Debug|x64.Build.0 = Debug|Any CPU
		{4A904ED7-DCE3-4E75-9D51-98382BC4BFB7}.Debug|x86.ActiveCfg = Debug|Any CPU
		{4A904ED7-DCE3-4E75-9D51-98382BC4BFB7}.Debug|x86.Build.0 = Debug|Any CPU
		{4A904ED7-DCE3-4E75-9D51-98382BC4BFB7}.Release|Any CPU.ActiveCfg = Release|Any CPU
		{4A904ED7-DCE3-4E75-9D51-98382BC4BFB7}.Release|Any CPU.Build.0 = Release|Any CPU
		{4A904ED7-DCE3-4E75-9D51-98382BC4BFB7}.Release|x64.ActiveCfg = Release|Any CPU
		{4A904ED7-DCE3-4E75-9D51-98382BC4BFB7}.Release|x64.Build.0 = Release|Any CPU
		{4A904ED7-DCE3-4E75-9D51-98382BC4BFB7}.Release|x86.ActiveCfg = Release|Any CPU
		{4A904ED7-DCE3-4E75-9D51-98382BC4BFB7}.Release|x86.Build.0 = Release|Any CPU
		{D2499532-2523-431D-9EE0-0997C16579F7}.Debug|Any CPU.ActiveCfg = Debug|Any CPU
		{D2499532-2523-431D-9EE0-0997C16579F7}.Debug|Any CPU.Build.0 = Debug|Any CPU
		{D2499532-2523-431D-9EE0-0997C16579F7}.Debug|x64.ActiveCfg = Debug|Any CPU
		{D2499532-2523-431D-9EE0-0997C16579F7}.Debug|x64.Build.0 = Debug|Any CPU
		{D2499532-2523-431D-9EE0-0997C16579F7}.Debug|x86.ActiveCfg = Debug|Any CPU
		{D2499532-2523-431D-9EE0-0997C16579F7}.Debug|x86.Build.0 = Debug|Any CPU
		{D2499532-2523-431D-9EE0-0997C16579F7}.Release|Any CPU.ActiveCfg = Release|Any CPU
		{D2499532-2523-431D-9EE0-0997C16579F7}.Release|Any CPU.Build.0 = Release|Any CPU
		{D2499532-2523-431D-9EE0-0997C16579F7}.Release|x64.ActiveCfg = Release|Any CPU
		{D2499532-2523-431D-9EE0-0997C16579F7}.Release|x64.Build.0 = Release|Any CPU
		{D2499532-2523-431D-9EE0-0997C16579F7}.Release|x86.ActiveCfg = Release|Any CPU
		{D2499532-2523-431D-9EE0-0997C16579F7}.Release|x86.Build.0 = Release|Any CPU
		{0E6C5C29-0867-48E5-BDD3-B85B54684877}.Debug|Any CPU.ActiveCfg = Debug|Any CPU
		{0E6C5C29-0867-48E5-BDD3-B85B54684877}.Debug|Any CPU.Build.0 = Debug|Any CPU
		{0E6C5C29-0867-48E5-BDD3-B85B54684877}.Debug|x64.ActiveCfg = Debug|Any CPU
		{0E6C5C29-0867-48E5-BDD3-B85B54684877}.Debug|x64.Build.0 = Debug|Any CPU
		{0E6C5C29-0867-48E5-BDD3-B85B54684877}.Debug|x86.ActiveCfg = Debug|Any CPU
		{0E6C5C29-0867-48E5-BDD3-B85B54684877}.Debug|x86.Build.0 = Debug|Any CPU
		{0E6C5C29-0867-48E5-BDD3-B85B54684877}.Release|Any CPU.ActiveCfg = Release|Any CPU
		{0E6C5C29-0867-48E5-BDD3-B85B54684877}.Release|Any CPU.Build.0 = Release|Any CPU
		{0E6C5C29-0867-48E5-BDD3-B85B54684877}.Release|x64.ActiveCfg = Release|Any CPU
		{0E6C5C29-0867-48E5-BDD3-B85B54684877}.Release|x64.Build.0 = Release|Any CPU
		{0E6C5C29-0867-48E5-BDD3-B85B54684877}.Release|x86.ActiveCfg = Release|Any CPU
		{0E6C5C29-0867-48E5-BDD3-B85B54684877}.Release|x86.Build.0 = Release|Any CPU
		{22F32BCF-E0F8-47DA-BF2E-29B2BFE6B7C7}.Debug|Any CPU.ActiveCfg = Debug|Any CPU
		{22F32BCF-E0F8-47DA-BF2E-29B2BFE6B7C7}.Debug|Any CPU.Build.0 = Debug|Any CPU
		{22F32BCF-E0F8-47DA-BF2E-29B2BFE6B7C7}.Debug|x64.ActiveCfg = Debug|Any CPU
		{22F32BCF-E0F8-47DA-BF2E-29B2BFE6B7C7}.Debug|x64.Build.0 = Debug|Any CPU
		{22F32BCF-E0F8-47DA-BF2E-29B2BFE6B7C7}.Debug|x86.ActiveCfg = Debug|Any CPU
		{22F32BCF-E0F8-47DA-BF2E-29B2BFE6B7C7}.Debug|x86.Build.0 = Debug|Any CPU
		{22F32BCF-E0F8-47DA-BF2E-29B2BFE6B7C7}.Release|Any CPU.ActiveCfg = Release|Any CPU
		{22F32BCF-E0F8-47DA-BF2E-29B2BFE6B7C7}.Release|Any CPU.Build.0 = Release|Any CPU
		{22F32BCF-E0F8-47DA-BF2E-29B2BFE6B7C7}.Release|x64.ActiveCfg = Release|Any CPU
		{22F32BCF-E0F8-47DA-BF2E-29B2BFE6B7C7}.Release|x64.Build.0 = Release|Any CPU
		{22F32BCF-E0F8-47DA-BF2E-29B2BFE6B7C7}.Release|x86.ActiveCfg = Release|Any CPU
		{22F32BCF-E0F8-47DA-BF2E-29B2BFE6B7C7}.Release|x86.Build.0 = Release|Any CPU
		{45C1345F-F0E4-41A1-A164-6D53201F8F7B}.Debug|Any CPU.ActiveCfg = Debug|Any CPU
		{45C1345F-F0E4-41A1-A164-6D53201F8F7B}.Debug|Any CPU.Build.0 = Debug|Any CPU
		{45C1345F-F0E4-41A1-A164-6D53201F8F7B}.Debug|x64.ActiveCfg = Debug|Any CPU
		{45C1345F-F0E4-41A1-A164-6D53201F8F7B}.Debug|x64.Build.0 = Debug|Any CPU
		{45C1345F-F0E4-41A1-A164-6D53201F8F7B}.Debug|x86.ActiveCfg = Debug|Any CPU
		{45C1345F-F0E4-41A1-A164-6D53201F8F7B}.Debug|x86.Build.0 = Debug|Any CPU
		{45C1345F-F0E4-41A1-A164-6D53201F8F7B}.Release|Any CPU.ActiveCfg = Release|Any CPU
		{45C1345F-F0E4-41A1-A164-6D53201F8F7B}.Release|Any CPU.Build.0 = Release|Any CPU
		{45C1345F-F0E4-41A1-A164-6D53201F8F7B}.Release|x64.ActiveCfg = Release|Any CPU
		{45C1345F-F0E4-41A1-A164-6D53201F8F7B}.Release|x64.Build.0 = Release|Any CPU
		{45C1345F-F0E4-41A1-A164-6D53201F8F7B}.Release|x86.ActiveCfg = Release|Any CPU
		{45C1345F-F0E4-41A1-A164-6D53201F8F7B}.Release|x86.Build.0 = Release|Any CPU
		{C59E0EBB-4F6F-4951-A2B8-0B6164E188BC}.Debug|Any CPU.ActiveCfg = Debug|Any CPU
		{C59E0EBB-4F6F-4951-A2B8-0B6164E188BC}.Debug|Any CPU.Build.0 = Debug|Any CPU
		{C59E0EBB-4F6F-4951-A2B8-0B6164E188BC}.Debug|x64.ActiveCfg = Debug|Any CPU
		{C59E0EBB-4F6F-4951-A2B8-0B6164E188BC}.Debug|x64.Build.0 = Debug|Any CPU
		{C59E0EBB-4F6F-4951-A2B8-0B6164E188BC}.Debug|x86.ActiveCfg = Debug|Any CPU
		{C59E0EBB-4F6F-4951-A2B8-0B6164E188BC}.Debug|x86.Build.0 = Debug|Any CPU
		{C59E0EBB-4F6F-4951-A2B8-0B6164E188BC}.Release|Any CPU.ActiveCfg = Release|Any CPU
		{C59E0EBB-4F6F-4951-A2B8-0B6164E188BC}.Release|Any CPU.Build.0 = Release|Any CPU
		{C59E0EBB-4F6F-4951-A2B8-0B6164E188BC}.Release|x64.ActiveCfg = Release|Any CPU
		{C59E0EBB-4F6F-4951-A2B8-0B6164E188BC}.Release|x64.Build.0 = Release|Any CPU
		{C59E0EBB-4F6F-4951-A2B8-0B6164E188BC}.Release|x86.ActiveCfg = Release|Any CPU
		{C59E0EBB-4F6F-4951-A2B8-0B6164E188BC}.Release|x86.Build.0 = Release|Any CPU
		{EDDCF609-C2BC-484F-96E5-BB4AA8E5734D}.Debug|Any CPU.ActiveCfg = Debug|Any CPU
		{EDDCF609-C2BC-484F-96E5-BB4AA8E5734D}.Debug|Any CPU.Build.0 = Debug|Any CPU
		{EDDCF609-C2BC-484F-96E5-BB4AA8E5734D}.Debug|x64.ActiveCfg = Debug|Any CPU
		{EDDCF609-C2BC-484F-96E5-BB4AA8E5734D}.Debug|x64.Build.0 = Debug|Any CPU
		{EDDCF609-C2BC-484F-96E5-BB4AA8E5734D}.Debug|x86.ActiveCfg = Debug|Any CPU
		{EDDCF609-C2BC-484F-96E5-BB4AA8E5734D}.Debug|x86.Build.0 = Debug|Any CPU
		{EDDCF609-C2BC-484F-96E5-BB4AA8E5734D}.Release|Any CPU.ActiveCfg = Release|Any CPU
		{EDDCF609-C2BC-484F-96E5-BB4AA8E5734D}.Release|Any CPU.Build.0 = Release|Any CPU
		{EDDCF609-C2BC-484F-96E5-BB4AA8E5734D}.Release|x64.ActiveCfg = Release|Any CPU
		{EDDCF609-C2BC-484F-96E5-BB4AA8E5734D}.Release|x64.Build.0 = Release|Any CPU
		{EDDCF609-C2BC-484F-96E5-BB4AA8E5734D}.Release|x86.ActiveCfg = Release|Any CPU
		{EDDCF609-C2BC-484F-96E5-BB4AA8E5734D}.Release|x86.Build.0 = Release|Any CPU
		{34862DDD-2320-4816-976B-BEFF1F5ADD56}.Debug|Any CPU.ActiveCfg = Debug|Any CPU
		{34862DDD-2320-4816-976B-BEFF1F5ADD56}.Debug|Any CPU.Build.0 = Debug|Any CPU
		{34862DDD-2320-4816-976B-BEFF1F5ADD56}.Debug|x64.ActiveCfg = Debug|Any CPU
		{34862DDD-2320-4816-976B-BEFF1F5ADD56}.Debug|x64.Build.0 = Debug|Any CPU
		{34862DDD-2320-4816-976B-BEFF1F5ADD56}.Debug|x86.ActiveCfg = Debug|Any CPU
		{34862DDD-2320-4816-976B-BEFF1F5ADD56}.Debug|x86.Build.0 = Debug|Any CPU
		{34862DDD-2320-4816-976B-BEFF1F5ADD56}.Release|Any CPU.ActiveCfg = Release|Any CPU
		{34862DDD-2320-4816-976B-BEFF1F5ADD56}.Release|Any CPU.Build.0 = Release|Any CPU
		{34862DDD-2320-4816-976B-BEFF1F5ADD56}.Release|x64.ActiveCfg = Release|Any CPU
		{34862DDD-2320-4816-976B-BEFF1F5ADD56}.Release|x64.Build.0 = Release|Any CPU
		{34862DDD-2320-4816-976B-BEFF1F5ADD56}.Release|x86.ActiveCfg = Release|Any CPU
		{34862DDD-2320-4816-976B-BEFF1F5ADD56}.Release|x86.Build.0 = Release|Any CPU
		{508F1F6E-73E1-4B30-B4C3-DDC599DDC236}.Debug|Any CPU.ActiveCfg = Debug|Any CPU
		{508F1F6E-73E1-4B30-B4C3-DDC599DDC236}.Debug|Any CPU.Build.0 = Debug|Any CPU
		{508F1F6E-73E1-4B30-B4C3-DDC599DDC236}.Debug|x64.ActiveCfg = Debug|Any CPU
		{508F1F6E-73E1-4B30-B4C3-DDC599DDC236}.Debug|x64.Build.0 = Debug|Any CPU
		{508F1F6E-73E1-4B30-B4C3-DDC599DDC236}.Debug|x86.ActiveCfg = Debug|Any CPU
		{508F1F6E-73E1-4B30-B4C3-DDC599DDC236}.Debug|x86.Build.0 = Debug|Any CPU
		{508F1F6E-73E1-4B30-B4C3-DDC599DDC236}.Release|Any CPU.ActiveCfg = Release|Any CPU
		{508F1F6E-73E1-4B30-B4C3-DDC599DDC236}.Release|Any CPU.Build.0 = Release|Any CPU
		{508F1F6E-73E1-4B30-B4C3-DDC599DDC236}.Release|x64.ActiveCfg = Release|Any CPU
		{508F1F6E-73E1-4B30-B4C3-DDC599DDC236}.Release|x64.Build.0 = Release|Any CPU
		{508F1F6E-73E1-4B30-B4C3-DDC599DDC236}.Release|x86.ActiveCfg = Release|Any CPU
		{508F1F6E-73E1-4B30-B4C3-DDC599DDC236}.Release|x86.Build.0 = Release|Any CPU
		{FB3C543B-A918-462B-AA49-84E497378E8A}.Debug|Any CPU.ActiveCfg = Debug|Any CPU
		{FB3C543B-A918-462B-AA49-84E497378E8A}.Debug|Any CPU.Build.0 = Debug|Any CPU
		{FB3C543B-A918-462B-AA49-84E497378E8A}.Debug|x64.ActiveCfg = Debug|Any CPU
		{FB3C543B-A918-462B-AA49-84E497378E8A}.Debug|x64.Build.0 = Debug|Any CPU
		{FB3C543B-A918-462B-AA49-84E497378E8A}.Debug|x86.ActiveCfg = Debug|Any CPU
		{FB3C543B-A918-462B-AA49-84E497378E8A}.Debug|x86.Build.0 = Debug|Any CPU
		{FB3C543B-A918-462B-AA49-84E497378E8A}.Release|Any CPU.ActiveCfg = Release|Any CPU
		{FB3C543B-A918-462B-AA49-84E497378E8A}.Release|Any CPU.Build.0 = Release|Any CPU
		{FB3C543B-A918-462B-AA49-84E497378E8A}.Release|x64.ActiveCfg = Release|Any CPU
		{FB3C543B-A918-462B-AA49-84E497378E8A}.Release|x64.Build.0 = Release|Any CPU
		{FB3C543B-A918-462B-AA49-84E497378E8A}.Release|x86.ActiveCfg = Release|Any CPU
		{FB3C543B-A918-462B-AA49-84E497378E8A}.Release|x86.Build.0 = Release|Any CPU
		{599D2C17-749F-431A-BA42-D4490AEB4D79}.Debug|Any CPU.ActiveCfg = Debug|Any CPU
		{599D2C17-749F-431A-BA42-D4490AEB4D79}.Debug|Any CPU.Build.0 = Debug|Any CPU
		{599D2C17-749F-431A-BA42-D4490AEB4D79}.Debug|x64.ActiveCfg = Debug|Any CPU
		{599D2C17-749F-431A-BA42-D4490AEB4D79}.Debug|x64.Build.0 = Debug|Any CPU
		{599D2C17-749F-431A-BA42-D4490AEB4D79}.Debug|x86.ActiveCfg = Debug|Any CPU
		{599D2C17-749F-431A-BA42-D4490AEB4D79}.Debug|x86.Build.0 = Debug|Any CPU
		{599D2C17-749F-431A-BA42-D4490AEB4D79}.Release|Any CPU.ActiveCfg = Release|Any CPU
		{599D2C17-749F-431A-BA42-D4490AEB4D79}.Release|Any CPU.Build.0 = Release|Any CPU
		{599D2C17-749F-431A-BA42-D4490AEB4D79}.Release|x64.ActiveCfg = Release|Any CPU
		{599D2C17-749F-431A-BA42-D4490AEB4D79}.Release|x64.Build.0 = Release|Any CPU
		{599D2C17-749F-431A-BA42-D4490AEB4D79}.Release|x86.ActiveCfg = Release|Any CPU
		{599D2C17-749F-431A-BA42-D4490AEB4D79}.Release|x86.Build.0 = Release|Any CPU
		{92FDBA76-0FBD-43CC-AA56-B8BEC5450AE6}.Debug|Any CPU.ActiveCfg = Debug|Any CPU
		{92FDBA76-0FBD-43CC-AA56-B8BEC5450AE6}.Debug|Any CPU.Build.0 = Debug|Any CPU
		{92FDBA76-0FBD-43CC-AA56-B8BEC5450AE6}.Debug|x64.ActiveCfg = Debug|Any CPU
		{92FDBA76-0FBD-43CC-AA56-B8BEC5450AE6}.Debug|x64.Build.0 = Debug|Any CPU
		{92FDBA76-0FBD-43CC-AA56-B8BEC5450AE6}.Debug|x86.ActiveCfg = Debug|Any CPU
		{92FDBA76-0FBD-43CC-AA56-B8BEC5450AE6}.Debug|x86.Build.0 = Debug|Any CPU
		{92FDBA76-0FBD-43CC-AA56-B8BEC5450AE6}.Release|Any CPU.ActiveCfg = Release|Any CPU
		{92FDBA76-0FBD-43CC-AA56-B8BEC5450AE6}.Release|Any CPU.Build.0 = Release|Any CPU
		{92FDBA76-0FBD-43CC-AA56-B8BEC5450AE6}.Release|x64.ActiveCfg = Release|Any CPU
		{92FDBA76-0FBD-43CC-AA56-B8BEC5450AE6}.Release|x64.Build.0 = Release|Any CPU
		{92FDBA76-0FBD-43CC-AA56-B8BEC5450AE6}.Release|x86.ActiveCfg = Release|Any CPU
		{92FDBA76-0FBD-43CC-AA56-B8BEC5450AE6}.Release|x86.Build.0 = Release|Any CPU
		{DA4877C8-7F25-4666-9B7E-3AC104AED712}.Debug|Any CPU.ActiveCfg = Debug|Any CPU
		{DA4877C8-7F25-4666-9B7E-3AC104AED712}.Debug|Any CPU.Build.0 = Debug|Any CPU
		{DA4877C8-7F25-4666-9B7E-3AC104AED712}.Debug|x64.ActiveCfg = Debug|Any CPU
		{DA4877C8-7F25-4666-9B7E-3AC104AED712}.Debug|x64.Build.0 = Debug|Any CPU
		{DA4877C8-7F25-4666-9B7E-3AC104AED712}.Debug|x86.ActiveCfg = Debug|Any CPU
		{DA4877C8-7F25-4666-9B7E-3AC104AED712}.Debug|x86.Build.0 = Debug|Any CPU
		{DA4877C8-7F25-4666-9B7E-3AC104AED712}.Release|Any CPU.ActiveCfg = Release|Any CPU
		{DA4877C8-7F25-4666-9B7E-3AC104AED712}.Release|Any CPU.Build.0 = Release|Any CPU
		{DA4877C8-7F25-4666-9B7E-3AC104AED712}.Release|x64.ActiveCfg = Release|Any CPU
		{DA4877C8-7F25-4666-9B7E-3AC104AED712}.Release|x64.Build.0 = Release|Any CPU
		{DA4877C8-7F25-4666-9B7E-3AC104AED712}.Release|x86.ActiveCfg = Release|Any CPU
		{DA4877C8-7F25-4666-9B7E-3AC104AED712}.Release|x86.Build.0 = Release|Any CPU
		{16CC3423-DA8F-41BB-A881-E3A7FD80B8D4}.Debug|Any CPU.ActiveCfg = Debug|Any CPU
		{16CC3423-DA8F-41BB-A881-E3A7FD80B8D4}.Debug|Any CPU.Build.0 = Debug|Any CPU
		{16CC3423-DA8F-41BB-A881-E3A7FD80B8D4}.Debug|x64.ActiveCfg = Debug|Any CPU
		{16CC3423-DA8F-41BB-A881-E3A7FD80B8D4}.Debug|x64.Build.0 = Debug|Any CPU
		{16CC3423-DA8F-41BB-A881-E3A7FD80B8D4}.Debug|x86.ActiveCfg = Debug|Any CPU
		{16CC3423-DA8F-41BB-A881-E3A7FD80B8D4}.Debug|x86.Build.0 = Debug|Any CPU
		{16CC3423-DA8F-41BB-A881-E3A7FD80B8D4}.Release|Any CPU.ActiveCfg = Release|Any CPU
		{16CC3423-DA8F-41BB-A881-E3A7FD80B8D4}.Release|Any CPU.Build.0 = Release|Any CPU
		{16CC3423-DA8F-41BB-A881-E3A7FD80B8D4}.Release|x64.ActiveCfg = Release|Any CPU
		{16CC3423-DA8F-41BB-A881-E3A7FD80B8D4}.Release|x64.Build.0 = Release|Any CPU
		{16CC3423-DA8F-41BB-A881-E3A7FD80B8D4}.Release|x86.ActiveCfg = Release|Any CPU
		{16CC3423-DA8F-41BB-A881-E3A7FD80B8D4}.Release|x86.Build.0 = Release|Any CPU
		{F21C47BE-9A9C-407C-8249-F7DF65260DA4}.Debug|Any CPU.ActiveCfg = Debug|Any CPU
		{F21C47BE-9A9C-407C-8249-F7DF65260DA4}.Debug|Any CPU.Build.0 = Debug|Any CPU
		{F21C47BE-9A9C-407C-8249-F7DF65260DA4}.Debug|x64.ActiveCfg = Debug|Any CPU
		{F21C47BE-9A9C-407C-8249-F7DF65260DA4}.Debug|x64.Build.0 = Debug|Any CPU
		{F21C47BE-9A9C-407C-8249-F7DF65260DA4}.Debug|x86.ActiveCfg = Debug|Any CPU
		{F21C47BE-9A9C-407C-8249-F7DF65260DA4}.Debug|x86.Build.0 = Debug|Any CPU
		{F21C47BE-9A9C-407C-8249-F7DF65260DA4}.Release|Any CPU.ActiveCfg = Release|Any CPU
		{F21C47BE-9A9C-407C-8249-F7DF65260DA4}.Release|Any CPU.Build.0 = Release|Any CPU
		{F21C47BE-9A9C-407C-8249-F7DF65260DA4}.Release|x64.ActiveCfg = Release|Any CPU
		{F21C47BE-9A9C-407C-8249-F7DF65260DA4}.Release|x64.Build.0 = Release|Any CPU
		{F21C47BE-9A9C-407C-8249-F7DF65260DA4}.Release|x86.ActiveCfg = Release|Any CPU
		{F21C47BE-9A9C-407C-8249-F7DF65260DA4}.Release|x86.Build.0 = Release|Any CPU
		{4D2DE4BE-5A7A-45F1-87F6-698AEC610EE0}.Debug|Any CPU.ActiveCfg = Debug|Any CPU
		{4D2DE4BE-5A7A-45F1-87F6-698AEC610EE0}.Debug|Any CPU.Build.0 = Debug|Any CPU
		{4D2DE4BE-5A7A-45F1-87F6-698AEC610EE0}.Debug|x64.ActiveCfg = Debug|Any CPU
		{4D2DE4BE-5A7A-45F1-87F6-698AEC610EE0}.Debug|x64.Build.0 = Debug|Any CPU
		{4D2DE4BE-5A7A-45F1-87F6-698AEC610EE0}.Debug|x86.ActiveCfg = Debug|Any CPU
		{4D2DE4BE-5A7A-45F1-87F6-698AEC610EE0}.Debug|x86.Build.0 = Debug|Any CPU
		{4D2DE4BE-5A7A-45F1-87F6-698AEC610EE0}.Release|Any CPU.ActiveCfg = Release|Any CPU
		{4D2DE4BE-5A7A-45F1-87F6-698AEC610EE0}.Release|Any CPU.Build.0 = Release|Any CPU
		{4D2DE4BE-5A7A-45F1-87F6-698AEC610EE0}.Release|x64.ActiveCfg = Release|Any CPU
		{4D2DE4BE-5A7A-45F1-87F6-698AEC610EE0}.Release|x64.Build.0 = Release|Any CPU
		{4D2DE4BE-5A7A-45F1-87F6-698AEC610EE0}.Release|x86.ActiveCfg = Release|Any CPU
		{4D2DE4BE-5A7A-45F1-87F6-698AEC610EE0}.Release|x86.Build.0 = Release|Any CPU
		{027159B5-FE45-4112-8281-2CB8DCCCD8AF}.Debug|Any CPU.ActiveCfg = Debug|Any CPU
		{027159B5-FE45-4112-8281-2CB8DCCCD8AF}.Debug|Any CPU.Build.0 = Debug|Any CPU
		{027159B5-FE45-4112-8281-2CB8DCCCD8AF}.Debug|x64.ActiveCfg = Debug|Any CPU
		{027159B5-FE45-4112-8281-2CB8DCCCD8AF}.Debug|x64.Build.0 = Debug|Any CPU
		{027159B5-FE45-4112-8281-2CB8DCCCD8AF}.Debug|x86.ActiveCfg = Debug|Any CPU
		{027159B5-FE45-4112-8281-2CB8DCCCD8AF}.Debug|x86.Build.0 = Debug|Any CPU
		{027159B5-FE45-4112-8281-2CB8DCCCD8AF}.Release|Any CPU.ActiveCfg = Release|Any CPU
		{027159B5-FE45-4112-8281-2CB8DCCCD8AF}.Release|Any CPU.Build.0 = Release|Any CPU
		{027159B5-FE45-4112-8281-2CB8DCCCD8AF}.Release|x64.ActiveCfg = Release|Any CPU
		{027159B5-FE45-4112-8281-2CB8DCCCD8AF}.Release|x64.Build.0 = Release|Any CPU
		{027159B5-FE45-4112-8281-2CB8DCCCD8AF}.Release|x86.ActiveCfg = Release|Any CPU
		{027159B5-FE45-4112-8281-2CB8DCCCD8AF}.Release|x86.Build.0 = Release|Any CPU
		{4A215668-06EE-40D2-AC53-1C655A459857}.Debug|Any CPU.ActiveCfg = Debug|Any CPU
		{4A215668-06EE-40D2-AC53-1C655A459857}.Debug|Any CPU.Build.0 = Debug|Any CPU
		{4A215668-06EE-40D2-AC53-1C655A459857}.Debug|x64.ActiveCfg = Debug|Any CPU
		{4A215668-06EE-40D2-AC53-1C655A459857}.Debug|x64.Build.0 = Debug|Any CPU
		{4A215668-06EE-40D2-AC53-1C655A459857}.Debug|x86.ActiveCfg = Debug|Any CPU
		{4A215668-06EE-40D2-AC53-1C655A459857}.Debug|x86.Build.0 = Debug|Any CPU
		{4A215668-06EE-40D2-AC53-1C655A459857}.Release|Any CPU.ActiveCfg = Release|Any CPU
		{4A215668-06EE-40D2-AC53-1C655A459857}.Release|Any CPU.Build.0 = Release|Any CPU
		{4A215668-06EE-40D2-AC53-1C655A459857}.Release|x64.ActiveCfg = Release|Any CPU
		{4A215668-06EE-40D2-AC53-1C655A459857}.Release|x64.Build.0 = Release|Any CPU
		{4A215668-06EE-40D2-AC53-1C655A459857}.Release|x86.ActiveCfg = Release|Any CPU
		{4A215668-06EE-40D2-AC53-1C655A459857}.Release|x86.Build.0 = Release|Any CPU
		{F15E19FC-23CB-4AC4-A81E-84B3BF83F89B}.Debug|Any CPU.ActiveCfg = Debug|Any CPU
		{F15E19FC-23CB-4AC4-A81E-84B3BF83F89B}.Debug|Any CPU.Build.0 = Debug|Any CPU
		{F15E19FC-23CB-4AC4-A81E-84B3BF83F89B}.Debug|x64.ActiveCfg = Debug|Any CPU
		{F15E19FC-23CB-4AC4-A81E-84B3BF83F89B}.Debug|x64.Build.0 = Debug|Any CPU
		{F15E19FC-23CB-4AC4-A81E-84B3BF83F89B}.Debug|x86.ActiveCfg = Debug|Any CPU
		{F15E19FC-23CB-4AC4-A81E-84B3BF83F89B}.Debug|x86.Build.0 = Debug|Any CPU
		{F15E19FC-23CB-4AC4-A81E-84B3BF83F89B}.Release|Any CPU.ActiveCfg = Release|Any CPU
		{F15E19FC-23CB-4AC4-A81E-84B3BF83F89B}.Release|Any CPU.Build.0 = Release|Any CPU
		{F15E19FC-23CB-4AC4-A81E-84B3BF83F89B}.Release|x64.ActiveCfg = Release|Any CPU
		{F15E19FC-23CB-4AC4-A81E-84B3BF83F89B}.Release|x64.Build.0 = Release|Any CPU
		{F15E19FC-23CB-4AC4-A81E-84B3BF83F89B}.Release|x86.ActiveCfg = Release|Any CPU
		{F15E19FC-23CB-4AC4-A81E-84B3BF83F89B}.Release|x86.Build.0 = Release|Any CPU
		{B4A95777-A9F5-487B-91BE-F77B05392E0C}.Debug|Any CPU.ActiveCfg = Debug|Any CPU
		{B4A95777-A9F5-487B-91BE-F77B05392E0C}.Debug|Any CPU.Build.0 = Debug|Any CPU
		{B4A95777-A9F5-487B-91BE-F77B05392E0C}.Debug|x64.ActiveCfg = Debug|Any CPU
		{B4A95777-A9F5-487B-91BE-F77B05392E0C}.Debug|x64.Build.0 = Debug|Any CPU
		{B4A95777-A9F5-487B-91BE-F77B05392E0C}.Debug|x86.ActiveCfg = Debug|Any CPU
		{B4A95777-A9F5-487B-91BE-F77B05392E0C}.Debug|x86.Build.0 = Debug|Any CPU
		{B4A95777-A9F5-487B-91BE-F77B05392E0C}.Release|Any CPU.ActiveCfg = Release|Any CPU
		{B4A95777-A9F5-487B-91BE-F77B05392E0C}.Release|Any CPU.Build.0 = Release|Any CPU
		{B4A95777-A9F5-487B-91BE-F77B05392E0C}.Release|x64.ActiveCfg = Release|Any CPU
		{B4A95777-A9F5-487B-91BE-F77B05392E0C}.Release|x64.Build.0 = Release|Any CPU
		{B4A95777-A9F5-487B-91BE-F77B05392E0C}.Release|x86.ActiveCfg = Release|Any CPU
		{B4A95777-A9F5-487B-91BE-F77B05392E0C}.Release|x86.Build.0 = Release|Any CPU
		{EEEECD76-6E6A-4715-B5D6-4CD964F852D9}.Debug|Any CPU.ActiveCfg = Debug|Any CPU
		{EEEECD76-6E6A-4715-B5D6-4CD964F852D9}.Debug|Any CPU.Build.0 = Debug|Any CPU
		{EEEECD76-6E6A-4715-B5D6-4CD964F852D9}.Debug|x64.ActiveCfg = Debug|Any CPU
		{EEEECD76-6E6A-4715-B5D6-4CD964F852D9}.Debug|x64.Build.0 = Debug|Any CPU
		{EEEECD76-6E6A-4715-B5D6-4CD964F852D9}.Debug|x86.ActiveCfg = Debug|Any CPU
		{EEEECD76-6E6A-4715-B5D6-4CD964F852D9}.Debug|x86.Build.0 = Debug|Any CPU
		{EEEECD76-6E6A-4715-B5D6-4CD964F852D9}.Release|Any CPU.ActiveCfg = Release|Any CPU
		{EEEECD76-6E6A-4715-B5D6-4CD964F852D9}.Release|Any CPU.Build.0 = Release|Any CPU
		{EEEECD76-6E6A-4715-B5D6-4CD964F852D9}.Release|x64.ActiveCfg = Release|Any CPU
		{EEEECD76-6E6A-4715-B5D6-4CD964F852D9}.Release|x64.Build.0 = Release|Any CPU
		{EEEECD76-6E6A-4715-B5D6-4CD964F852D9}.Release|x86.ActiveCfg = Release|Any CPU
		{EEEECD76-6E6A-4715-B5D6-4CD964F852D9}.Release|x86.Build.0 = Release|Any CPU
		{92B34C53-A3E1-4166-A3DC-808314828BE3}.Debug|Any CPU.ActiveCfg = Debug|Any CPU
		{92B34C53-A3E1-4166-A3DC-808314828BE3}.Debug|Any CPU.Build.0 = Debug|Any CPU
		{92B34C53-A3E1-4166-A3DC-808314828BE3}.Debug|x64.ActiveCfg = Debug|Any CPU
		{92B34C53-A3E1-4166-A3DC-808314828BE3}.Debug|x64.Build.0 = Debug|Any CPU
		{92B34C53-A3E1-4166-A3DC-808314828BE3}.Debug|x86.ActiveCfg = Debug|Any CPU
		{92B34C53-A3E1-4166-A3DC-808314828BE3}.Debug|x86.Build.0 = Debug|Any CPU
		{92B34C53-A3E1-4166-A3DC-808314828BE3}.Release|Any CPU.ActiveCfg = Release|Any CPU
		{92B34C53-A3E1-4166-A3DC-808314828BE3}.Release|Any CPU.Build.0 = Release|Any CPU
		{92B34C53-A3E1-4166-A3DC-808314828BE3}.Release|x64.ActiveCfg = Release|Any CPU
		{92B34C53-A3E1-4166-A3DC-808314828BE3}.Release|x64.Build.0 = Release|Any CPU
		{92B34C53-A3E1-4166-A3DC-808314828BE3}.Release|x86.ActiveCfg = Release|Any CPU
		{92B34C53-A3E1-4166-A3DC-808314828BE3}.Release|x86.Build.0 = Release|Any CPU
		{CCDBC046-2FA4-46E3-8151-E50B577D6D6B}.Debug|Any CPU.ActiveCfg = Debug|Any CPU
		{CCDBC046-2FA4-46E3-8151-E50B577D6D6B}.Debug|Any CPU.Build.0 = Debug|Any CPU
		{CCDBC046-2FA4-46E3-8151-E50B577D6D6B}.Debug|x64.ActiveCfg = Debug|Any CPU
		{CCDBC046-2FA4-46E3-8151-E50B577D6D6B}.Debug|x64.Build.0 = Debug|Any CPU
		{CCDBC046-2FA4-46E3-8151-E50B577D6D6B}.Debug|x86.ActiveCfg = Debug|Any CPU
		{CCDBC046-2FA4-46E3-8151-E50B577D6D6B}.Debug|x86.Build.0 = Debug|Any CPU
		{CCDBC046-2FA4-46E3-8151-E50B577D6D6B}.Release|Any CPU.ActiveCfg = Release|Any CPU
		{CCDBC046-2FA4-46E3-8151-E50B577D6D6B}.Release|Any CPU.Build.0 = Release|Any CPU
		{CCDBC046-2FA4-46E3-8151-E50B577D6D6B}.Release|x64.ActiveCfg = Release|Any CPU
		{CCDBC046-2FA4-46E3-8151-E50B577D6D6B}.Release|x64.Build.0 = Release|Any CPU
		{CCDBC046-2FA4-46E3-8151-E50B577D6D6B}.Release|x86.ActiveCfg = Release|Any CPU
		{CCDBC046-2FA4-46E3-8151-E50B577D6D6B}.Release|x86.Build.0 = Release|Any CPU
		{D1A98771-4E03-49C4-A48E-C4764E736DF7}.Debug|Any CPU.ActiveCfg = Debug|Any CPU
		{D1A98771-4E03-49C4-A48E-C4764E736DF7}.Debug|Any CPU.Build.0 = Debug|Any CPU
		{D1A98771-4E03-49C4-A48E-C4764E736DF7}.Debug|x64.ActiveCfg = Debug|Any CPU
		{D1A98771-4E03-49C4-A48E-C4764E736DF7}.Debug|x64.Build.0 = Debug|Any CPU
		{D1A98771-4E03-49C4-A48E-C4764E736DF7}.Debug|x86.ActiveCfg = Debug|Any CPU
		{D1A98771-4E03-49C4-A48E-C4764E736DF7}.Debug|x86.Build.0 = Debug|Any CPU
		{D1A98771-4E03-49C4-A48E-C4764E736DF7}.Release|Any CPU.ActiveCfg = Release|Any CPU
		{D1A98771-4E03-49C4-A48E-C4764E736DF7}.Release|Any CPU.Build.0 = Release|Any CPU
		{D1A98771-4E03-49C4-A48E-C4764E736DF7}.Release|x64.ActiveCfg = Release|Any CPU
		{D1A98771-4E03-49C4-A48E-C4764E736DF7}.Release|x64.Build.0 = Release|Any CPU
		{D1A98771-4E03-49C4-A48E-C4764E736DF7}.Release|x86.ActiveCfg = Release|Any CPU
		{D1A98771-4E03-49C4-A48E-C4764E736DF7}.Release|x86.Build.0 = Release|Any CPU
		{1656C1F9-7BC3-47BF-AD76-BDB3311EF381}.Debug|Any CPU.ActiveCfg = Debug|Any CPU
		{1656C1F9-7BC3-47BF-AD76-BDB3311EF381}.Debug|Any CPU.Build.0 = Debug|Any CPU
		{1656C1F9-7BC3-47BF-AD76-BDB3311EF381}.Debug|x64.ActiveCfg = Debug|Any CPU
		{1656C1F9-7BC3-47BF-AD76-BDB3311EF381}.Debug|x64.Build.0 = Debug|Any CPU
		{1656C1F9-7BC3-47BF-AD76-BDB3311EF381}.Debug|x86.ActiveCfg = Debug|Any CPU
		{1656C1F9-7BC3-47BF-AD76-BDB3311EF381}.Debug|x86.Build.0 = Debug|Any CPU
		{1656C1F9-7BC3-47BF-AD76-BDB3311EF381}.Release|Any CPU.ActiveCfg = Release|Any CPU
		{1656C1F9-7BC3-47BF-AD76-BDB3311EF381}.Release|Any CPU.Build.0 = Release|Any CPU
		{1656C1F9-7BC3-47BF-AD76-BDB3311EF381}.Release|x64.ActiveCfg = Release|Any CPU
		{1656C1F9-7BC3-47BF-AD76-BDB3311EF381}.Release|x64.Build.0 = Release|Any CPU
		{1656C1F9-7BC3-47BF-AD76-BDB3311EF381}.Release|x86.ActiveCfg = Release|Any CPU
		{1656C1F9-7BC3-47BF-AD76-BDB3311EF381}.Release|x86.Build.0 = Release|Any CPU
		{FB6E73FD-CE44-48E9-8AEC-1091380DB914}.Debug|Any CPU.ActiveCfg = Debug|Any CPU
		{FB6E73FD-CE44-48E9-8AEC-1091380DB914}.Debug|Any CPU.Build.0 = Debug|Any CPU
		{FB6E73FD-CE44-48E9-8AEC-1091380DB914}.Debug|x64.ActiveCfg = Debug|Any CPU
		{FB6E73FD-CE44-48E9-8AEC-1091380DB914}.Debug|x64.Build.0 = Debug|Any CPU
		{FB6E73FD-CE44-48E9-8AEC-1091380DB914}.Debug|x86.ActiveCfg = Debug|Any CPU
		{FB6E73FD-CE44-48E9-8AEC-1091380DB914}.Debug|x86.Build.0 = Debug|Any CPU
		{FB6E73FD-CE44-48E9-8AEC-1091380DB914}.Release|Any CPU.ActiveCfg = Release|Any CPU
		{FB6E73FD-CE44-48E9-8AEC-1091380DB914}.Release|Any CPU.Build.0 = Release|Any CPU
		{FB6E73FD-CE44-48E9-8AEC-1091380DB914}.Release|x64.ActiveCfg = Release|Any CPU
		{FB6E73FD-CE44-48E9-8AEC-1091380DB914}.Release|x64.Build.0 = Release|Any CPU
		{FB6E73FD-CE44-48E9-8AEC-1091380DB914}.Release|x86.ActiveCfg = Release|Any CPU
		{FB6E73FD-CE44-48E9-8AEC-1091380DB914}.Release|x86.Build.0 = Release|Any CPU
		{983D25C5-22A9-4EE6-A8F0-6451BBBFB3EB}.Debug|Any CPU.ActiveCfg = Debug|Any CPU
		{983D25C5-22A9-4EE6-A8F0-6451BBBFB3EB}.Debug|Any CPU.Build.0 = Debug|Any CPU
		{983D25C5-22A9-4EE6-A8F0-6451BBBFB3EB}.Debug|x64.ActiveCfg = Debug|Any CPU
		{983D25C5-22A9-4EE6-A8F0-6451BBBFB3EB}.Debug|x64.Build.0 = Debug|Any CPU
		{983D25C5-22A9-4EE6-A8F0-6451BBBFB3EB}.Debug|x86.ActiveCfg = Debug|Any CPU
		{983D25C5-22A9-4EE6-A8F0-6451BBBFB3EB}.Debug|x86.Build.0 = Debug|Any CPU
		{983D25C5-22A9-4EE6-A8F0-6451BBBFB3EB}.Release|Any CPU.ActiveCfg = Release|Any CPU
		{983D25C5-22A9-4EE6-A8F0-6451BBBFB3EB}.Release|Any CPU.Build.0 = Release|Any CPU
		{983D25C5-22A9-4EE6-A8F0-6451BBBFB3EB}.Release|x64.ActiveCfg = Release|Any CPU
		{983D25C5-22A9-4EE6-A8F0-6451BBBFB3EB}.Release|x64.Build.0 = Release|Any CPU
		{983D25C5-22A9-4EE6-A8F0-6451BBBFB3EB}.Release|x86.ActiveCfg = Release|Any CPU
		{983D25C5-22A9-4EE6-A8F0-6451BBBFB3EB}.Release|x86.Build.0 = Release|Any CPU
		{7A164F8F-B441-4CD1-AFAE-48C9BC01845C}.Debug|Any CPU.ActiveCfg = Debug|Any CPU
		{7A164F8F-B441-4CD1-AFAE-48C9BC01845C}.Debug|Any CPU.Build.0 = Debug|Any CPU
		{7A164F8F-B441-4CD1-AFAE-48C9BC01845C}.Debug|x64.ActiveCfg = Debug|Any CPU
		{7A164F8F-B441-4CD1-AFAE-48C9BC01845C}.Debug|x64.Build.0 = Debug|Any CPU
		{7A164F8F-B441-4CD1-AFAE-48C9BC01845C}.Debug|x86.ActiveCfg = Debug|Any CPU
		{7A164F8F-B441-4CD1-AFAE-48C9BC01845C}.Debug|x86.Build.0 = Debug|Any CPU
		{7A164F8F-B441-4CD1-AFAE-48C9BC01845C}.Release|Any CPU.ActiveCfg = Release|Any CPU
		{7A164F8F-B441-4CD1-AFAE-48C9BC01845C}.Release|Any CPU.Build.0 = Release|Any CPU
		{7A164F8F-B441-4CD1-AFAE-48C9BC01845C}.Release|x64.ActiveCfg = Release|Any CPU
		{7A164F8F-B441-4CD1-AFAE-48C9BC01845C}.Release|x64.Build.0 = Release|Any CPU
		{7A164F8F-B441-4CD1-AFAE-48C9BC01845C}.Release|x86.ActiveCfg = Release|Any CPU
		{7A164F8F-B441-4CD1-AFAE-48C9BC01845C}.Release|x86.Build.0 = Release|Any CPU
		{D54A8678-F935-4421-BAA8-C0D5B2CE33E6}.Debug|Any CPU.ActiveCfg = Debug|Any CPU
		{D54A8678-F935-4421-BAA8-C0D5B2CE33E6}.Debug|Any CPU.Build.0 = Debug|Any CPU
		{D54A8678-F935-4421-BAA8-C0D5B2CE33E6}.Debug|x64.ActiveCfg = Debug|Any CPU
		{D54A8678-F935-4421-BAA8-C0D5B2CE33E6}.Debug|x64.Build.0 = Debug|Any CPU
		{D54A8678-F935-4421-BAA8-C0D5B2CE33E6}.Debug|x86.ActiveCfg = Debug|Any CPU
		{D54A8678-F935-4421-BAA8-C0D5B2CE33E6}.Debug|x86.Build.0 = Debug|Any CPU
		{D54A8678-F935-4421-BAA8-C0D5B2CE33E6}.Release|Any CPU.ActiveCfg = Release|Any CPU
		{D54A8678-F935-4421-BAA8-C0D5B2CE33E6}.Release|Any CPU.Build.0 = Release|Any CPU
		{D54A8678-F935-4421-BAA8-C0D5B2CE33E6}.Release|x64.ActiveCfg = Release|Any CPU
		{D54A8678-F935-4421-BAA8-C0D5B2CE33E6}.Release|x64.Build.0 = Release|Any CPU
		{D54A8678-F935-4421-BAA8-C0D5B2CE33E6}.Release|x86.ActiveCfg = Release|Any CPU
		{D54A8678-F935-4421-BAA8-C0D5B2CE33E6}.Release|x86.Build.0 = Release|Any CPU
	EndGlobalSection
	GlobalSection(SolutionProperties) = preSolution
		HideSolutionNode = FALSE
	EndGlobalSection
	GlobalSection(NestedProjects) = preSolution
		{5AB53D53-7499-4E82-A7CC-2AE0B145616B} = {0EB1A462-6A2B-42AC-B99C-8D61CBAD1ED2}
		{1B94ED97-7E69-4B25-B5A1-4BBDB61DE3DC} = {FCF5EE34-47B3-4134-A459-2A1A465F2845}
		{BB692DF9-50BF-42C5-8D02-376E5EACE698} = {0EB1A462-6A2B-42AC-B99C-8D61CBAD1ED2}
		{A90E9141-DE10-4188-835B-75FFD9388276} = {0EB1A462-6A2B-42AC-B99C-8D61CBAD1ED2}
		{83E3DF11-3C88-40C1-9E19-DDC5C1E83704} = {0EB1A462-6A2B-42AC-B99C-8D61CBAD1ED2}
		{C0E9EA3E-BE89-49CE-A8DE-35CC42AA0648} = {0EB1A462-6A2B-42AC-B99C-8D61CBAD1ED2}
		{E3B6D012-F806-4F3F-B465-1AECA08E9FDF} = {0EB1A462-6A2B-42AC-B99C-8D61CBAD1ED2}
		{BFF00385-A08C-415C-807C-BAA1ED151FE2} = {0EB1A462-6A2B-42AC-B99C-8D61CBAD1ED2}
		{976D2568-6F1D-4417-99D8-E2A8B36FFD30} = {0EB1A462-6A2B-42AC-B99C-8D61CBAD1ED2}
		{F1AC34C7-285C-47F6-88F2-C34A131E6326} = {FCF5EE34-47B3-4134-A459-2A1A465F2845}
		{A7AD933F-A47D-4FF8-830B-18167B62EBF3} = {FCF5EE34-47B3-4134-A459-2A1A465F2845}
		{1052CE20-E364-4FB1-B572-4EA2C3B2B808} = {FCF5EE34-47B3-4134-A459-2A1A465F2845}
		{2B3796C5-A674-4FD4-BD7E-7E0BDE9A663E} = {FCF5EE34-47B3-4134-A459-2A1A465F2845}
		{5C790D09-E77B-473F-8991-DDA6B973038E} = {0EB1A462-6A2B-42AC-B99C-8D61CBAD1ED2}
		{4A904ED7-DCE3-4E75-9D51-98382BC4BFB7} = {0EB1A462-6A2B-42AC-B99C-8D61CBAD1ED2}
		{D2499532-2523-431D-9EE0-0997C16579F7} = {0EB1A462-6A2B-42AC-B99C-8D61CBAD1ED2}
		{0E6C5C29-0867-48E5-BDD3-B85B54684877} = {0EB1A462-6A2B-42AC-B99C-8D61CBAD1ED2}
		{22F32BCF-E0F8-47DA-BF2E-29B2BFE6B7C7} = {0EB1A462-6A2B-42AC-B99C-8D61CBAD1ED2}
		{45C1345F-F0E4-41A1-A164-6D53201F8F7B} = {0EB1A462-6A2B-42AC-B99C-8D61CBAD1ED2}
		{C59E0EBB-4F6F-4951-A2B8-0B6164E188BC} = {FCF5EE34-47B3-4134-A459-2A1A465F2845}
		{EDDCF609-C2BC-484F-96E5-BB4AA8E5734D} = {0EB1A462-6A2B-42AC-B99C-8D61CBAD1ED2}
		{34862DDD-2320-4816-976B-BEFF1F5ADD56} = {0EB1A462-6A2B-42AC-B99C-8D61CBAD1ED2}
		{508F1F6E-73E1-4B30-B4C3-DDC599DDC236} = {0EB1A462-6A2B-42AC-B99C-8D61CBAD1ED2}
		{FB3C543B-A918-462B-AA49-84E497378E8A} = {FCF5EE34-47B3-4134-A459-2A1A465F2845}
		{599D2C17-749F-431A-BA42-D4490AEB4D79} = {0EB1A462-6A2B-42AC-B99C-8D61CBAD1ED2}
		{92FDBA76-0FBD-43CC-AA56-B8BEC5450AE6} = {0EB1A462-6A2B-42AC-B99C-8D61CBAD1ED2}
		{DA4877C8-7F25-4666-9B7E-3AC104AED712} = {0EB1A462-6A2B-42AC-B99C-8D61CBAD1ED2}
		{16CC3423-DA8F-41BB-A881-E3A7FD80B8D4} = {0EB1A462-6A2B-42AC-B99C-8D61CBAD1ED2}
		{F21C47BE-9A9C-407C-8249-F7DF65260DA4} = {0EB1A462-6A2B-42AC-B99C-8D61CBAD1ED2}
		{4D2DE4BE-5A7A-45F1-87F6-698AEC610EE0} = {0EB1A462-6A2B-42AC-B99C-8D61CBAD1ED2}
		{027159B5-FE45-4112-8281-2CB8DCCCD8AF} = {0EB1A462-6A2B-42AC-B99C-8D61CBAD1ED2}
		{4A215668-06EE-40D2-AC53-1C655A459857} = {0EB1A462-6A2B-42AC-B99C-8D61CBAD1ED2}
		{F15E19FC-23CB-4AC4-A81E-84B3BF83F89B} = {0EB1A462-6A2B-42AC-B99C-8D61CBAD1ED2}
		{B4A95777-A9F5-487B-91BE-F77B05392E0C} = {0EB1A462-6A2B-42AC-B99C-8D61CBAD1ED2}
		{EEEECD76-6E6A-4715-B5D6-4CD964F852D9} = {0EB1A462-6A2B-42AC-B99C-8D61CBAD1ED2}
		{92B34C53-A3E1-4166-A3DC-808314828BE3} = {0EB1A462-6A2B-42AC-B99C-8D61CBAD1ED2}
		{CCDBC046-2FA4-46E3-8151-E50B577D6D6B} = {FCF5EE34-47B3-4134-A459-2A1A465F2845}
		{D1A98771-4E03-49C4-A48E-C4764E736DF7} = {FCF5EE34-47B3-4134-A459-2A1A465F2845}
		{1656C1F9-7BC3-47BF-AD76-BDB3311EF381} = {FCF5EE34-47B3-4134-A459-2A1A465F2845}
		{FB6E73FD-CE44-48E9-8AEC-1091380DB914} = {0EB1A462-6A2B-42AC-B99C-8D61CBAD1ED2}
		{983D25C5-22A9-4EE6-A8F0-6451BBBFB3EB} = {0EB1A462-6A2B-42AC-B99C-8D61CBAD1ED2}
		{7A164F8F-B441-4CD1-AFAE-48C9BC01845C} = {0EB1A462-6A2B-42AC-B99C-8D61CBAD1ED2}
		{D54A8678-F935-4421-BAA8-C0D5B2CE33E6} = {0EB1A462-6A2B-42AC-B99C-8D61CBAD1ED2}
	EndGlobalSection
	GlobalSection(ExtensibilityGlobals) = postSolution
		SolutionGuid = {9A069FB9-F39D-4B71-970B-F15504AD6B4B}
	EndGlobalSection
EndGlobal
