
Microsoft Visual Studio Solution File, Format Version 12.00
# Visual Studio Version 16
VisualStudioVersion = 16.0.29215.179
MinimumVisualStudioVersion = 15.0.26124.0
Project("{2150E333-8FDC-42A3-9474-1A3956D46DE8}") = "src", "src", "{0EB1A462-6A2B-42AC-B99C-8D61CBAD1ED2}"
EndProject
Project("{2150E333-8FDC-42A3-9474-1A3956D46DE8}") = "test", "test", "{FCF5EE34-47B3-4134-A459-2A1A465F2845}"
	ProjectSection(SolutionItems) = preProject
		test\Directory.Build.props = test\Directory.Build.props
	EndProjectSection
EndProject
Project("{9A19103F-16F7-4668-BE54-9A1E7A4F7556}") = "SoftwarePioniere.TestHarness", "src\SoftwarePioniere.TestHarness\SoftwarePioniere.TestHarness.csproj", "{5C790D09-E77B-473F-8991-DDA6B973038E}"
EndProject
Project("{2150E333-8FDC-42A3-9474-1A3956D46DE8}") = "Solution Items", "Solution Items", "{45588F03-FEE0-4F8C-8179-BDAE5C4749BF}"
	ProjectSection(SolutionItems) = preProject
		Directory.Build.props = Directory.Build.props
		Dockerfile = Dockerfile
	EndProjectSection
EndProject
Project("{9A19103F-16F7-4668-BE54-9A1E7A4F7556}") = "SoftwarePioniere.Extensions", "src\SoftwarePioniere.Extensions\SoftwarePioniere.Extensions.csproj", "{EDDCF609-C2BC-484F-96E5-BB4AA8E5734D}"
EndProject
Project("{9A19103F-16F7-4668-BE54-9A1E7A4F7556}") = "SoftwarePioniere.AspNetCore", "src\SoftwarePioniere.AspNetCore\SoftwarePioniere.AspNetCore.csproj", "{92FDBA76-0FBD-43CC-AA56-B8BEC5450AE6}"
EndProject
Project("{9A19103F-16F7-4668-BE54-9A1E7A4F7556}") = "SoftwarePioniere.EventStore", "src\SoftwarePioniere.EventStore\SoftwarePioniere.EventStore.csproj", "{027159B5-FE45-4112-8281-2CB8DCCCD8AF}"
EndProject
Project("{9A19103F-16F7-4668-BE54-9A1E7A4F7556}") = "SoftwarePioniere", "src\SoftwarePioniere\SoftwarePioniere.csproj", "{614DC7D9-D08A-453D-99C7-53D3DD04DE55}"
EndProject
Project("{9A19103F-16F7-4668-BE54-9A1E7A4F7556}") = "SoftwarePioniere.AzureCosmosDb", "src\SoftwarePioniere.AzureCosmosDb\SoftwarePioniere.AzureCosmosDb.csproj", "{2B72495B-4633-4A63-8C5D-8B63443E7AAE}"
EndProject
Project("{9A19103F-16F7-4668-BE54-9A1E7A4F7556}") = "SoftwarePioniere.MongoDb", "src\SoftwarePioniere.MongoDb\SoftwarePioniere.MongoDb.csproj", "{4872626C-523B-481B-99CD-FF30749BC537}"
EndProject
Project("{9A19103F-16F7-4668-BE54-9A1E7A4F7556}") = "SoftwarePioniere.Hosting", "src\SoftwarePioniere.Hosting\SoftwarePioniere.Hosting.csproj", "{BFE36C94-9F12-4B4E-A599-6BFCF8383FF1}"
EndProject
Project("{9A19103F-16F7-4668-BE54-9A1E7A4F7556}") = "SoftwarePioniere.Redis", "src\SoftwarePioniere.Redis\SoftwarePioniere.Redis.csproj", "{9D4C3205-1CE5-42E1-B11B-5F3538730088}"
EndProject
Project("{9A19103F-16F7-4668-BE54-9A1E7A4F7556}") = "SoftwarePioniere.Tests", "test\SoftwarePioniere.Tests\SoftwarePioniere.Tests.csproj", "{054F5337-7CA1-4E89-9F26-28911297CC3F}"
EndProject
Project("{9A19103F-16F7-4668-BE54-9A1E7A4F7556}") = "SoftwarePioniere.AzureCosmosDb.Tests", "test\SoftwarePioniere.AzureCosmosDb.Tests\SoftwarePioniere.AzureCosmosDb.Tests.csproj", "{5F4DCB40-5640-4C96-8D42-50FCB2A32E98}"
EndProject
Project("{9A19103F-16F7-4668-BE54-9A1E7A4F7556}") = "SoftwarePioniere.Extensions.Tests", "test\SoftwarePioniere.Extensions.Tests\SoftwarePioniere.Extensions.Tests.csproj", "{81155A8F-301B-4800-BB6E-AF5755A9C537}"
EndProject
Project("{9A19103F-16F7-4668-BE54-9A1E7A4F7556}") = "SoftwarePioniere.MongoDb.Tests", "test\SoftwarePioniere.MongoDb.Tests\SoftwarePioniere.MongoDb.Tests.csproj", "{82F1ECEF-1151-47B6-8422-1CB4B20D5677}"
EndProject
Project("{9A19103F-16F7-4668-BE54-9A1E7A4F7556}") = "SoftwarePioniere.Extensions.AspNetCore", "src\SoftwarePioniere.Extensions.AspNetCore\SoftwarePioniere.Extensions.AspNetCore.csproj", "{D8F59147-8594-4F8A-9CB6-C3560C62BC0A}"
EndProject
Project("{9A19103F-16F7-4668-BE54-9A1E7A4F7556}") = "SoftwarePioniere.AzureAd", "src\SoftwarePioniere.AzureAd\SoftwarePioniere.AzureAd.csproj", "{0E577C95-2A55-4C5A-B1A2-DCB72224CA55}"
EndProject
Project("{9A19103F-16F7-4668-BE54-9A1E7A4F7556}") = "SoftwarePioniere.Auth0", "src\SoftwarePioniere.Auth0\SoftwarePioniere.Auth0.csproj", "{4CD473AB-80F5-4FB7-A276-D014882F1626}"
EndProject
Project("{9A19103F-16F7-4668-BE54-9A1E7A4F7556}") = "SoftwarePioniere.Auth0.Tests", "test\SoftwarePioniere.Auth0.Tests\SoftwarePioniere.Auth0.Tests.csproj", "{22DBB935-CACE-4A06-B64D-DA0C3F59FBC1}"
EndProject
Project("{9A19103F-16F7-4668-BE54-9A1E7A4F7556}") = "SoftwarePioniere.AzureAd.Tests", "test\SoftwarePioniere.AzureAd.Tests\SoftwarePioniere.AzureAd.Tests.csproj", "{F86830C9-1904-4F4F-A46B-57E9A5A53193}"
EndProject
Project("{2150E333-8FDC-42A3-9474-1A3956D46DE8}") = "samples", "samples", "{FA7AC0DC-F083-4388-B3A1-8493B96B2FBD}"
	ProjectSection(SolutionItems) = preProject
		samples\Directory.Build.props = samples\Directory.Build.props
	EndProjectSection
EndProject
Project("{9A19103F-16F7-4668-BE54-9A1E7A4F7556}") = "AuthSample", "samples\AuthSample\AuthSample.csproj", "{D9AB3605-0B1F-4177-93A0-59EBB42AB20D}"
EndProject
Project("{9A19103F-16F7-4668-BE54-9A1E7A4F7556}") = "ConsoleApp", "samples\ConsoleApp\ConsoleApp.csproj", "{7C2530FC-7A95-4C8A-866B-53F559BDE8D8}"
EndProject
Project("{9A19103F-16F7-4668-BE54-9A1E7A4F7556}") = "Lib.Hosting", "samples\Lib.Hosting\Lib.Hosting.csproj", "{BCC8AB31-45C2-4AFA-8C88-661E899ECE6B}"
EndProject
Project("{9A19103F-16F7-4668-BE54-9A1E7A4F7556}") = "WebApp", "samples\WebApp\WebApp.csproj", "{CF77F35F-8E88-4AE9-A688-C21FF11C2FC9}"
EndProject
Project("{9A19103F-16F7-4668-BE54-9A1E7A4F7556}") = "WebApp.Clients", "samples\WebApp.Clients\WebApp.Clients.csproj", "{AD54E6C2-1639-44F8-990E-5C5CE38CE6A9}"
EndProject
Project("{9A19103F-16F7-4668-BE54-9A1E7A4F7556}") = "WebApp.Host", "samples\WebApp.Host\WebApp.Host.csproj", "{0E519804-B203-4017-9B45-0BE18D1113A7}"
EndProject
Project("{9A19103F-16F7-4668-BE54-9A1E7A4F7556}") = "SoftwarePioniere.Extensions.AspNetCore.Tests", "test\SoftwarePioniere.Extensions.AspNetCore.Tests\SoftwarePioniere.Extensions.AspNetCore.Tests.csproj", "{3D429465-572B-41AD-8E15-A47979C8364C}"
EndProject
Project("{9A19103F-16F7-4668-BE54-9A1E7A4F7556}") = "WebApp.BackHost", "samples\WebApp.BackHost\WebApp.BackHost.csproj", "{C1BE215B-7428-4E32-A8E1-CD2D404FB61D}"
EndProject
Project("{9A19103F-16F7-4668-BE54-9A1E7A4F7556}") = "WebApp.FrontHost", "samples\WebApp.FrontHost\WebApp.FrontHost.csproj", "{FF4A08DE-825D-437A-984B-035DEAC9AA78}"
EndProject
Project("{2150E333-8FDC-42A3-9474-1A3956D46DE8}") = "test-not-working", "test-not-working", "{99605BA5-9BDF-46BE-A0A3-6E1D65BD4ECB}"
EndProject
Project("{FAE04EC0-301F-11D3-BF4B-00C04F79EFBC}") = "SoftwarePioniere.EventStore.Tests", "test-not-working\SoftwarePioniere.EventStore.Tests\SoftwarePioniere.EventStore.Tests.csproj", "{6563EA62-60F3-41A9-9140-D1FE372B475E}"
EndProject
Global
	GlobalSection(SolutionConfigurationPlatforms) = preSolution
		Debug|Any CPU = Debug|Any CPU
		Debug|x64 = Debug|x64
		Debug|x86 = Debug|x86
		Release|Any CPU = Release|Any CPU
		Release|x64 = Release|x64
		Release|x86 = Release|x86
	EndGlobalSection
	GlobalSection(ProjectConfigurationPlatforms) = postSolution
		{5C790D09-E77B-473F-8991-DDA6B973038E}.Debug|Any CPU.ActiveCfg = Debug|Any CPU
		{5C790D09-E77B-473F-8991-DDA6B973038E}.Debug|Any CPU.Build.0 = Debug|Any CPU
		{5C790D09-E77B-473F-8991-DDA6B973038E}.Debug|x64.ActiveCfg = Debug|Any CPU
		{5C790D09-E77B-473F-8991-DDA6B973038E}.Debug|x64.Build.0 = Debug|Any CPU
		{5C790D09-E77B-473F-8991-DDA6B973038E}.Debug|x86.ActiveCfg = Debug|Any CPU
		{5C790D09-E77B-473F-8991-DDA6B973038E}.Debug|x86.Build.0 = Debug|Any CPU
		{5C790D09-E77B-473F-8991-DDA6B973038E}.Release|Any CPU.ActiveCfg = Release|Any CPU
		{5C790D09-E77B-473F-8991-DDA6B973038E}.Release|Any CPU.Build.0 = Release|Any CPU
		{5C790D09-E77B-473F-8991-DDA6B973038E}.Release|x64.ActiveCfg = Release|Any CPU
		{5C790D09-E77B-473F-8991-DDA6B973038E}.Release|x64.Build.0 = Release|Any CPU
		{5C790D09-E77B-473F-8991-DDA6B973038E}.Release|x86.ActiveCfg = Release|Any CPU
		{5C790D09-E77B-473F-8991-DDA6B973038E}.Release|x86.Build.0 = Release|Any CPU
		{EDDCF609-C2BC-484F-96E5-BB4AA8E5734D}.Debug|Any CPU.ActiveCfg = Debug|Any CPU
		{EDDCF609-C2BC-484F-96E5-BB4AA8E5734D}.Debug|Any CPU.Build.0 = Debug|Any CPU
		{EDDCF609-C2BC-484F-96E5-BB4AA8E5734D}.Debug|x64.ActiveCfg = Debug|Any CPU
		{EDDCF609-C2BC-484F-96E5-BB4AA8E5734D}.Debug|x64.Build.0 = Debug|Any CPU
		{EDDCF609-C2BC-484F-96E5-BB4AA8E5734D}.Debug|x86.ActiveCfg = Debug|Any CPU
		{EDDCF609-C2BC-484F-96E5-BB4AA8E5734D}.Debug|x86.Build.0 = Debug|Any CPU
		{EDDCF609-C2BC-484F-96E5-BB4AA8E5734D}.Release|Any CPU.ActiveCfg = Release|Any CPU
		{EDDCF609-C2BC-484F-96E5-BB4AA8E5734D}.Release|Any CPU.Build.0 = Release|Any CPU
		{EDDCF609-C2BC-484F-96E5-BB4AA8E5734D}.Release|x64.ActiveCfg = Release|Any CPU
		{EDDCF609-C2BC-484F-96E5-BB4AA8E5734D}.Release|x64.Build.0 = Release|Any CPU
		{EDDCF609-C2BC-484F-96E5-BB4AA8E5734D}.Release|x86.ActiveCfg = Release|Any CPU
		{EDDCF609-C2BC-484F-96E5-BB4AA8E5734D}.Release|x86.Build.0 = Release|Any CPU
		{92FDBA76-0FBD-43CC-AA56-B8BEC5450AE6}.Debug|Any CPU.ActiveCfg = Debug|Any CPU
		{92FDBA76-0FBD-43CC-AA56-B8BEC5450AE6}.Debug|Any CPU.Build.0 = Debug|Any CPU
		{92FDBA76-0FBD-43CC-AA56-B8BEC5450AE6}.Debug|x64.ActiveCfg = Debug|Any CPU
		{92FDBA76-0FBD-43CC-AA56-B8BEC5450AE6}.Debug|x64.Build.0 = Debug|Any CPU
		{92FDBA76-0FBD-43CC-AA56-B8BEC5450AE6}.Debug|x86.ActiveCfg = Debug|Any CPU
		{92FDBA76-0FBD-43CC-AA56-B8BEC5450AE6}.Debug|x86.Build.0 = Debug|Any CPU
		{92FDBA76-0FBD-43CC-AA56-B8BEC5450AE6}.Release|Any CPU.ActiveCfg = Release|Any CPU
		{92FDBA76-0FBD-43CC-AA56-B8BEC5450AE6}.Release|Any CPU.Build.0 = Release|Any CPU
		{92FDBA76-0FBD-43CC-AA56-B8BEC5450AE6}.Release|x64.ActiveCfg = Release|Any CPU
		{92FDBA76-0FBD-43CC-AA56-B8BEC5450AE6}.Release|x64.Build.0 = Release|Any CPU
		{92FDBA76-0FBD-43CC-AA56-B8BEC5450AE6}.Release|x86.ActiveCfg = Release|Any CPU
		{92FDBA76-0FBD-43CC-AA56-B8BEC5450AE6}.Release|x86.Build.0 = Release|Any CPU
		{027159B5-FE45-4112-8281-2CB8DCCCD8AF}.Debug|Any CPU.ActiveCfg = Debug|Any CPU
		{027159B5-FE45-4112-8281-2CB8DCCCD8AF}.Debug|Any CPU.Build.0 = Debug|Any CPU
		{027159B5-FE45-4112-8281-2CB8DCCCD8AF}.Debug|x64.ActiveCfg = Debug|Any CPU
		{027159B5-FE45-4112-8281-2CB8DCCCD8AF}.Debug|x64.Build.0 = Debug|Any CPU
		{027159B5-FE45-4112-8281-2CB8DCCCD8AF}.Debug|x86.ActiveCfg = Debug|Any CPU
		{027159B5-FE45-4112-8281-2CB8DCCCD8AF}.Debug|x86.Build.0 = Debug|Any CPU
		{027159B5-FE45-4112-8281-2CB8DCCCD8AF}.Release|Any CPU.ActiveCfg = Release|Any CPU
		{027159B5-FE45-4112-8281-2CB8DCCCD8AF}.Release|Any CPU.Build.0 = Release|Any CPU
		{027159B5-FE45-4112-8281-2CB8DCCCD8AF}.Release|x64.ActiveCfg = Release|Any CPU
		{027159B5-FE45-4112-8281-2CB8DCCCD8AF}.Release|x64.Build.0 = Release|Any CPU
		{027159B5-FE45-4112-8281-2CB8DCCCD8AF}.Release|x86.ActiveCfg = Release|Any CPU
		{027159B5-FE45-4112-8281-2CB8DCCCD8AF}.Release|x86.Build.0 = Release|Any CPU
		{614DC7D9-D08A-453D-99C7-53D3DD04DE55}.Debug|Any CPU.ActiveCfg = Debug|Any CPU
		{614DC7D9-D08A-453D-99C7-53D3DD04DE55}.Debug|Any CPU.Build.0 = Debug|Any CPU
		{614DC7D9-D08A-453D-99C7-53D3DD04DE55}.Debug|x64.ActiveCfg = Debug|Any CPU
		{614DC7D9-D08A-453D-99C7-53D3DD04DE55}.Debug|x64.Build.0 = Debug|Any CPU
		{614DC7D9-D08A-453D-99C7-53D3DD04DE55}.Debug|x86.ActiveCfg = Debug|Any CPU
		{614DC7D9-D08A-453D-99C7-53D3DD04DE55}.Debug|x86.Build.0 = Debug|Any CPU
		{614DC7D9-D08A-453D-99C7-53D3DD04DE55}.Release|Any CPU.ActiveCfg = Release|Any CPU
		{614DC7D9-D08A-453D-99C7-53D3DD04DE55}.Release|Any CPU.Build.0 = Release|Any CPU
		{614DC7D9-D08A-453D-99C7-53D3DD04DE55}.Release|x64.ActiveCfg = Release|Any CPU
		{614DC7D9-D08A-453D-99C7-53D3DD04DE55}.Release|x64.Build.0 = Release|Any CPU
		{614DC7D9-D08A-453D-99C7-53D3DD04DE55}.Release|x86.ActiveCfg = Release|Any CPU
		{614DC7D9-D08A-453D-99C7-53D3DD04DE55}.Release|x86.Build.0 = Release|Any CPU
		{2B72495B-4633-4A63-8C5D-8B63443E7AAE}.Debug|Any CPU.ActiveCfg = Debug|Any CPU
		{2B72495B-4633-4A63-8C5D-8B63443E7AAE}.Debug|Any CPU.Build.0 = Debug|Any CPU
		{2B72495B-4633-4A63-8C5D-8B63443E7AAE}.Debug|x64.ActiveCfg = Debug|Any CPU
		{2B72495B-4633-4A63-8C5D-8B63443E7AAE}.Debug|x64.Build.0 = Debug|Any CPU
		{2B72495B-4633-4A63-8C5D-8B63443E7AAE}.Debug|x86.ActiveCfg = Debug|Any CPU
		{2B72495B-4633-4A63-8C5D-8B63443E7AAE}.Debug|x86.Build.0 = Debug|Any CPU
		{2B72495B-4633-4A63-8C5D-8B63443E7AAE}.Release|Any CPU.ActiveCfg = Release|Any CPU
		{2B72495B-4633-4A63-8C5D-8B63443E7AAE}.Release|Any CPU.Build.0 = Release|Any CPU
		{2B72495B-4633-4A63-8C5D-8B63443E7AAE}.Release|x64.ActiveCfg = Release|Any CPU
		{2B72495B-4633-4A63-8C5D-8B63443E7AAE}.Release|x64.Build.0 = Release|Any CPU
		{2B72495B-4633-4A63-8C5D-8B63443E7AAE}.Release|x86.ActiveCfg = Release|Any CPU
		{2B72495B-4633-4A63-8C5D-8B63443E7AAE}.Release|x86.Build.0 = Release|Any CPU
		{4872626C-523B-481B-99CD-FF30749BC537}.Debug|Any CPU.ActiveCfg = Debug|Any CPU
		{4872626C-523B-481B-99CD-FF30749BC537}.Debug|Any CPU.Build.0 = Debug|Any CPU
		{4872626C-523B-481B-99CD-FF30749BC537}.Debug|x64.ActiveCfg = Debug|Any CPU
		{4872626C-523B-481B-99CD-FF30749BC537}.Debug|x64.Build.0 = Debug|Any CPU
		{4872626C-523B-481B-99CD-FF30749BC537}.Debug|x86.ActiveCfg = Debug|Any CPU
		{4872626C-523B-481B-99CD-FF30749BC537}.Debug|x86.Build.0 = Debug|Any CPU
		{4872626C-523B-481B-99CD-FF30749BC537}.Release|Any CPU.ActiveCfg = Release|Any CPU
		{4872626C-523B-481B-99CD-FF30749BC537}.Release|Any CPU.Build.0 = Release|Any CPU
		{4872626C-523B-481B-99CD-FF30749BC537}.Release|x64.ActiveCfg = Release|Any CPU
		{4872626C-523B-481B-99CD-FF30749BC537}.Release|x64.Build.0 = Release|Any CPU
		{4872626C-523B-481B-99CD-FF30749BC537}.Release|x86.ActiveCfg = Release|Any CPU
		{4872626C-523B-481B-99CD-FF30749BC537}.Release|x86.Build.0 = Release|Any CPU
		{BFE36C94-9F12-4B4E-A599-6BFCF8383FF1}.Debug|Any CPU.ActiveCfg = Debug|Any CPU
		{BFE36C94-9F12-4B4E-A599-6BFCF8383FF1}.Debug|Any CPU.Build.0 = Debug|Any CPU
		{BFE36C94-9F12-4B4E-A599-6BFCF8383FF1}.Debug|x64.ActiveCfg = Debug|Any CPU
		{BFE36C94-9F12-4B4E-A599-6BFCF8383FF1}.Debug|x64.Build.0 = Debug|Any CPU
		{BFE36C94-9F12-4B4E-A599-6BFCF8383FF1}.Debug|x86.ActiveCfg = Debug|Any CPU
		{BFE36C94-9F12-4B4E-A599-6BFCF8383FF1}.Debug|x86.Build.0 = Debug|Any CPU
		{BFE36C94-9F12-4B4E-A599-6BFCF8383FF1}.Release|Any CPU.ActiveCfg = Release|Any CPU
		{BFE36C94-9F12-4B4E-A599-6BFCF8383FF1}.Release|Any CPU.Build.0 = Release|Any CPU
		{BFE36C94-9F12-4B4E-A599-6BFCF8383FF1}.Release|x64.ActiveCfg = Release|Any CPU
		{BFE36C94-9F12-4B4E-A599-6BFCF8383FF1}.Release|x64.Build.0 = Release|Any CPU
		{BFE36C94-9F12-4B4E-A599-6BFCF8383FF1}.Release|x86.ActiveCfg = Release|Any CPU
		{BFE36C94-9F12-4B4E-A599-6BFCF8383FF1}.Release|x86.Build.0 = Release|Any CPU
		{9D4C3205-1CE5-42E1-B11B-5F3538730088}.Debug|Any CPU.ActiveCfg = Debug|Any CPU
		{9D4C3205-1CE5-42E1-B11B-5F3538730088}.Debug|Any CPU.Build.0 = Debug|Any CPU
		{9D4C3205-1CE5-42E1-B11B-5F3538730088}.Debug|x64.ActiveCfg = Debug|Any CPU
		{9D4C3205-1CE5-42E1-B11B-5F3538730088}.Debug|x64.Build.0 = Debug|Any CPU
		{9D4C3205-1CE5-42E1-B11B-5F3538730088}.Debug|x86.ActiveCfg = Debug|Any CPU
		{9D4C3205-1CE5-42E1-B11B-5F3538730088}.Debug|x86.Build.0 = Debug|Any CPU
		{9D4C3205-1CE5-42E1-B11B-5F3538730088}.Release|Any CPU.ActiveCfg = Release|Any CPU
		{9D4C3205-1CE5-42E1-B11B-5F3538730088}.Release|Any CPU.Build.0 = Release|Any CPU
		{9D4C3205-1CE5-42E1-B11B-5F3538730088}.Release|x64.ActiveCfg = Release|Any CPU
		{9D4C3205-1CE5-42E1-B11B-5F3538730088}.Release|x64.Build.0 = Release|Any CPU
		{9D4C3205-1CE5-42E1-B11B-5F3538730088}.Release|x86.ActiveCfg = Release|Any CPU
		{9D4C3205-1CE5-42E1-B11B-5F3538730088}.Release|x86.Build.0 = Release|Any CPU
		{054F5337-7CA1-4E89-9F26-28911297CC3F}.Debug|Any CPU.ActiveCfg = Debug|Any CPU
		{054F5337-7CA1-4E89-9F26-28911297CC3F}.Debug|Any CPU.Build.0 = Debug|Any CPU
		{054F5337-7CA1-4E89-9F26-28911297CC3F}.Debug|x64.ActiveCfg = Debug|Any CPU
		{054F5337-7CA1-4E89-9F26-28911297CC3F}.Debug|x64.Build.0 = Debug|Any CPU
		{054F5337-7CA1-4E89-9F26-28911297CC3F}.Debug|x86.ActiveCfg = Debug|Any CPU
		{054F5337-7CA1-4E89-9F26-28911297CC3F}.Debug|x86.Build.0 = Debug|Any CPU
		{054F5337-7CA1-4E89-9F26-28911297CC3F}.Release|Any CPU.ActiveCfg = Release|Any CPU
		{054F5337-7CA1-4E89-9F26-28911297CC3F}.Release|Any CPU.Build.0 = Release|Any CPU
		{054F5337-7CA1-4E89-9F26-28911297CC3F}.Release|x64.ActiveCfg = Release|Any CPU
		{054F5337-7CA1-4E89-9F26-28911297CC3F}.Release|x64.Build.0 = Release|Any CPU
		{054F5337-7CA1-4E89-9F26-28911297CC3F}.Release|x86.ActiveCfg = Release|Any CPU
		{054F5337-7CA1-4E89-9F26-28911297CC3F}.Release|x86.Build.0 = Release|Any CPU
		{5F4DCB40-5640-4C96-8D42-50FCB2A32E98}.Debug|Any CPU.ActiveCfg = Debug|Any CPU
		{5F4DCB40-5640-4C96-8D42-50FCB2A32E98}.Debug|Any CPU.Build.0 = Debug|Any CPU
		{5F4DCB40-5640-4C96-8D42-50FCB2A32E98}.Debug|x64.ActiveCfg = Debug|Any CPU
		{5F4DCB40-5640-4C96-8D42-50FCB2A32E98}.Debug|x64.Build.0 = Debug|Any CPU
		{5F4DCB40-5640-4C96-8D42-50FCB2A32E98}.Debug|x86.ActiveCfg = Debug|Any CPU
		{5F4DCB40-5640-4C96-8D42-50FCB2A32E98}.Debug|x86.Build.0 = Debug|Any CPU
		{5F4DCB40-5640-4C96-8D42-50FCB2A32E98}.Release|Any CPU.ActiveCfg = Release|Any CPU
		{5F4DCB40-5640-4C96-8D42-50FCB2A32E98}.Release|Any CPU.Build.0 = Release|Any CPU
		{5F4DCB40-5640-4C96-8D42-50FCB2A32E98}.Release|x64.ActiveCfg = Release|Any CPU
		{5F4DCB40-5640-4C96-8D42-50FCB2A32E98}.Release|x64.Build.0 = Release|Any CPU
		{5F4DCB40-5640-4C96-8D42-50FCB2A32E98}.Release|x86.ActiveCfg = Release|Any CPU
		{5F4DCB40-5640-4C96-8D42-50FCB2A32E98}.Release|x86.Build.0 = Release|Any CPU
		{81155A8F-301B-4800-BB6E-AF5755A9C537}.Debug|Any CPU.ActiveCfg = Debug|Any CPU
		{81155A8F-301B-4800-BB6E-AF5755A9C537}.Debug|Any CPU.Build.0 = Debug|Any CPU
		{81155A8F-301B-4800-BB6E-AF5755A9C537}.Debug|x64.ActiveCfg = Debug|Any CPU
		{81155A8F-301B-4800-BB6E-AF5755A9C537}.Debug|x64.Build.0 = Debug|Any CPU
		{81155A8F-301B-4800-BB6E-AF5755A9C537}.Debug|x86.ActiveCfg = Debug|Any CPU
		{81155A8F-301B-4800-BB6E-AF5755A9C537}.Debug|x86.Build.0 = Debug|Any CPU
		{81155A8F-301B-4800-BB6E-AF5755A9C537}.Release|Any CPU.ActiveCfg = Release|Any CPU
		{81155A8F-301B-4800-BB6E-AF5755A9C537}.Release|Any CPU.Build.0 = Release|Any CPU
		{81155A8F-301B-4800-BB6E-AF5755A9C537}.Release|x64.ActiveCfg = Release|Any CPU
		{81155A8F-301B-4800-BB6E-AF5755A9C537}.Release|x64.Build.0 = Release|Any CPU
		{81155A8F-301B-4800-BB6E-AF5755A9C537}.Release|x86.ActiveCfg = Release|Any CPU
		{81155A8F-301B-4800-BB6E-AF5755A9C537}.Release|x86.Build.0 = Release|Any CPU
		{82F1ECEF-1151-47B6-8422-1CB4B20D5677}.Debug|Any CPU.ActiveCfg = Debug|Any CPU
		{82F1ECEF-1151-47B6-8422-1CB4B20D5677}.Debug|Any CPU.Build.0 = Debug|Any CPU
		{82F1ECEF-1151-47B6-8422-1CB4B20D5677}.Debug|x64.ActiveCfg = Debug|Any CPU
		{82F1ECEF-1151-47B6-8422-1CB4B20D5677}.Debug|x64.Build.0 = Debug|Any CPU
		{82F1ECEF-1151-47B6-8422-1CB4B20D5677}.Debug|x86.ActiveCfg = Debug|Any CPU
		{82F1ECEF-1151-47B6-8422-1CB4B20D5677}.Debug|x86.Build.0 = Debug|Any CPU
		{82F1ECEF-1151-47B6-8422-1CB4B20D5677}.Release|Any CPU.ActiveCfg = Release|Any CPU
		{82F1ECEF-1151-47B6-8422-1CB4B20D5677}.Release|Any CPU.Build.0 = Release|Any CPU
		{82F1ECEF-1151-47B6-8422-1CB4B20D5677}.Release|x64.ActiveCfg = Release|Any CPU
		{82F1ECEF-1151-47B6-8422-1CB4B20D5677}.Release|x64.Build.0 = Release|Any CPU
		{82F1ECEF-1151-47B6-8422-1CB4B20D5677}.Release|x86.ActiveCfg = Release|Any CPU
		{82F1ECEF-1151-47B6-8422-1CB4B20D5677}.Release|x86.Build.0 = Release|Any CPU
		{D8F59147-8594-4F8A-9CB6-C3560C62BC0A}.Debug|Any CPU.ActiveCfg = Debug|Any CPU
		{D8F59147-8594-4F8A-9CB6-C3560C62BC0A}.Debug|Any CPU.Build.0 = Debug|Any CPU
		{D8F59147-8594-4F8A-9CB6-C3560C62BC0A}.Debug|x64.ActiveCfg = Debug|Any CPU
		{D8F59147-8594-4F8A-9CB6-C3560C62BC0A}.Debug|x64.Build.0 = Debug|Any CPU
		{D8F59147-8594-4F8A-9CB6-C3560C62BC0A}.Debug|x86.ActiveCfg = Debug|Any CPU
		{D8F59147-8594-4F8A-9CB6-C3560C62BC0A}.Debug|x86.Build.0 = Debug|Any CPU
		{D8F59147-8594-4F8A-9CB6-C3560C62BC0A}.Release|Any CPU.ActiveCfg = Release|Any CPU
		{D8F59147-8594-4F8A-9CB6-C3560C62BC0A}.Release|Any CPU.Build.0 = Release|Any CPU
		{D8F59147-8594-4F8A-9CB6-C3560C62BC0A}.Release|x64.ActiveCfg = Release|Any CPU
		{D8F59147-8594-4F8A-9CB6-C3560C62BC0A}.Release|x64.Build.0 = Release|Any CPU
		{D8F59147-8594-4F8A-9CB6-C3560C62BC0A}.Release|x86.ActiveCfg = Release|Any CPU
		{D8F59147-8594-4F8A-9CB6-C3560C62BC0A}.Release|x86.Build.0 = Release|Any CPU
		{0E577C95-2A55-4C5A-B1A2-DCB72224CA55}.Debug|Any CPU.ActiveCfg = Debug|Any CPU
		{0E577C95-2A55-4C5A-B1A2-DCB72224CA55}.Debug|Any CPU.Build.0 = Debug|Any CPU
		{0E577C95-2A55-4C5A-B1A2-DCB72224CA55}.Debug|x64.ActiveCfg = Debug|Any CPU
		{0E577C95-2A55-4C5A-B1A2-DCB72224CA55}.Debug|x64.Build.0 = Debug|Any CPU
		{0E577C95-2A55-4C5A-B1A2-DCB72224CA55}.Debug|x86.ActiveCfg = Debug|Any CPU
		{0E577C95-2A55-4C5A-B1A2-DCB72224CA55}.Debug|x86.Build.0 = Debug|Any CPU
		{0E577C95-2A55-4C5A-B1A2-DCB72224CA55}.Release|Any CPU.ActiveCfg = Release|Any CPU
		{0E577C95-2A55-4C5A-B1A2-DCB72224CA55}.Release|Any CPU.Build.0 = Release|Any CPU
		{0E577C95-2A55-4C5A-B1A2-DCB72224CA55}.Release|x64.ActiveCfg = Release|Any CPU
		{0E577C95-2A55-4C5A-B1A2-DCB72224CA55}.Release|x64.Build.0 = Release|Any CPU
		{0E577C95-2A55-4C5A-B1A2-DCB72224CA55}.Release|x86.ActiveCfg = Release|Any CPU
		{0E577C95-2A55-4C5A-B1A2-DCB72224CA55}.Release|x86.Build.0 = Release|Any CPU
		{4CD473AB-80F5-4FB7-A276-D014882F1626}.Debug|Any CPU.ActiveCfg = Debug|Any CPU
		{4CD473AB-80F5-4FB7-A276-D014882F1626}.Debug|Any CPU.Build.0 = Debug|Any CPU
		{4CD473AB-80F5-4FB7-A276-D014882F1626}.Debug|x64.ActiveCfg = Debug|Any CPU
		{4CD473AB-80F5-4FB7-A276-D014882F1626}.Debug|x64.Build.0 = Debug|Any CPU
		{4CD473AB-80F5-4FB7-A276-D014882F1626}.Debug|x86.ActiveCfg = Debug|Any CPU
		{4CD473AB-80F5-4FB7-A276-D014882F1626}.Debug|x86.Build.0 = Debug|Any CPU
		{4CD473AB-80F5-4FB7-A276-D014882F1626}.Release|Any CPU.ActiveCfg = Release|Any CPU
		{4CD473AB-80F5-4FB7-A276-D014882F1626}.Release|Any CPU.Build.0 = Release|Any CPU
		{4CD473AB-80F5-4FB7-A276-D014882F1626}.Release|x64.ActiveCfg = Release|Any CPU
		{4CD473AB-80F5-4FB7-A276-D014882F1626}.Release|x64.Build.0 = Release|Any CPU
		{4CD473AB-80F5-4FB7-A276-D014882F1626}.Release|x86.ActiveCfg = Release|Any CPU
		{4CD473AB-80F5-4FB7-A276-D014882F1626}.Release|x86.Build.0 = Release|Any CPU
		{22DBB935-CACE-4A06-B64D-DA0C3F59FBC1}.Debug|Any CPU.ActiveCfg = Debug|Any CPU
		{22DBB935-CACE-4A06-B64D-DA0C3F59FBC1}.Debug|Any CPU.Build.0 = Debug|Any CPU
		{22DBB935-CACE-4A06-B64D-DA0C3F59FBC1}.Debug|x64.ActiveCfg = Debug|Any CPU
		{22DBB935-CACE-4A06-B64D-DA0C3F59FBC1}.Debug|x64.Build.0 = Debug|Any CPU
		{22DBB935-CACE-4A06-B64D-DA0C3F59FBC1}.Debug|x86.ActiveCfg = Debug|Any CPU
		{22DBB935-CACE-4A06-B64D-DA0C3F59FBC1}.Debug|x86.Build.0 = Debug|Any CPU
		{22DBB935-CACE-4A06-B64D-DA0C3F59FBC1}.Release|Any CPU.ActiveCfg = Release|Any CPU
		{22DBB935-CACE-4A06-B64D-DA0C3F59FBC1}.Release|Any CPU.Build.0 = Release|Any CPU
		{22DBB935-CACE-4A06-B64D-DA0C3F59FBC1}.Release|x64.ActiveCfg = Release|Any CPU
		{22DBB935-CACE-4A06-B64D-DA0C3F59FBC1}.Release|x64.Build.0 = Release|Any CPU
		{22DBB935-CACE-4A06-B64D-DA0C3F59FBC1}.Release|x86.ActiveCfg = Release|Any CPU
		{22DBB935-CACE-4A06-B64D-DA0C3F59FBC1}.Release|x86.Build.0 = Release|Any CPU
		{F86830C9-1904-4F4F-A46B-57E9A5A53193}.Debug|Any CPU.ActiveCfg = Debug|Any CPU
		{F86830C9-1904-4F4F-A46B-57E9A5A53193}.Debug|Any CPU.Build.0 = Debug|Any CPU
		{F86830C9-1904-4F4F-A46B-57E9A5A53193}.Debug|x64.ActiveCfg = Debug|Any CPU
		{F86830C9-1904-4F4F-A46B-57E9A5A53193}.Debug|x64.Build.0 = Debug|Any CPU
		{F86830C9-1904-4F4F-A46B-57E9A5A53193}.Debug|x86.ActiveCfg = Debug|Any CPU
		{F86830C9-1904-4F4F-A46B-57E9A5A53193}.Debug|x86.Build.0 = Debug|Any CPU
		{F86830C9-1904-4F4F-A46B-57E9A5A53193}.Release|Any CPU.ActiveCfg = Release|Any CPU
		{F86830C9-1904-4F4F-A46B-57E9A5A53193}.Release|Any CPU.Build.0 = Release|Any CPU
		{F86830C9-1904-4F4F-A46B-57E9A5A53193}.Release|x64.ActiveCfg = Release|Any CPU
		{F86830C9-1904-4F4F-A46B-57E9A5A53193}.Release|x64.Build.0 = Release|Any CPU
		{F86830C9-1904-4F4F-A46B-57E9A5A53193}.Release|x86.ActiveCfg = Release|Any CPU
		{F86830C9-1904-4F4F-A46B-57E9A5A53193}.Release|x86.Build.0 = Release|Any CPU
		{D9AB3605-0B1F-4177-93A0-59EBB42AB20D}.Debug|Any CPU.ActiveCfg = Debug|Any CPU
		{D9AB3605-0B1F-4177-93A0-59EBB42AB20D}.Debug|Any CPU.Build.0 = Debug|Any CPU
		{D9AB3605-0B1F-4177-93A0-59EBB42AB20D}.Debug|x64.ActiveCfg = Debug|Any CPU
		{D9AB3605-0B1F-4177-93A0-59EBB42AB20D}.Debug|x64.Build.0 = Debug|Any CPU
		{D9AB3605-0B1F-4177-93A0-59EBB42AB20D}.Debug|x86.ActiveCfg = Debug|Any CPU
		{D9AB3605-0B1F-4177-93A0-59EBB42AB20D}.Debug|x86.Build.0 = Debug|Any CPU
		{D9AB3605-0B1F-4177-93A0-59EBB42AB20D}.Release|Any CPU.ActiveCfg = Release|Any CPU
		{D9AB3605-0B1F-4177-93A0-59EBB42AB20D}.Release|Any CPU.Build.0 = Release|Any CPU
		{D9AB3605-0B1F-4177-93A0-59EBB42AB20D}.Release|x64.ActiveCfg = Release|Any CPU
		{D9AB3605-0B1F-4177-93A0-59EBB42AB20D}.Release|x64.Build.0 = Release|Any CPU
		{D9AB3605-0B1F-4177-93A0-59EBB42AB20D}.Release|x86.ActiveCfg = Release|Any CPU
		{D9AB3605-0B1F-4177-93A0-59EBB42AB20D}.Release|x86.Build.0 = Release|Any CPU
		{7C2530FC-7A95-4C8A-866B-53F559BDE8D8}.Debug|Any CPU.ActiveCfg = Debug|Any CPU
		{7C2530FC-7A95-4C8A-866B-53F559BDE8D8}.Debug|Any CPU.Build.0 = Debug|Any CPU
		{7C2530FC-7A95-4C8A-866B-53F559BDE8D8}.Debug|x64.ActiveCfg = Debug|Any CPU
		{7C2530FC-7A95-4C8A-866B-53F559BDE8D8}.Debug|x64.Build.0 = Debug|Any CPU
		{7C2530FC-7A95-4C8A-866B-53F559BDE8D8}.Debug|x86.ActiveCfg = Debug|Any CPU
		{7C2530FC-7A95-4C8A-866B-53F559BDE8D8}.Debug|x86.Build.0 = Debug|Any CPU
		{7C2530FC-7A95-4C8A-866B-53F559BDE8D8}.Release|Any CPU.ActiveCfg = Release|Any CPU
		{7C2530FC-7A95-4C8A-866B-53F559BDE8D8}.Release|Any CPU.Build.0 = Release|Any CPU
		{7C2530FC-7A95-4C8A-866B-53F559BDE8D8}.Release|x64.ActiveCfg = Release|Any CPU
		{7C2530FC-7A95-4C8A-866B-53F559BDE8D8}.Release|x64.Build.0 = Release|Any CPU
		{7C2530FC-7A95-4C8A-866B-53F559BDE8D8}.Release|x86.ActiveCfg = Release|Any CPU
		{7C2530FC-7A95-4C8A-866B-53F559BDE8D8}.Release|x86.Build.0 = Release|Any CPU
		{BCC8AB31-45C2-4AFA-8C88-661E899ECE6B}.Debug|Any CPU.ActiveCfg = Debug|Any CPU
		{BCC8AB31-45C2-4AFA-8C88-661E899ECE6B}.Debug|Any CPU.Build.0 = Debug|Any CPU
		{BCC8AB31-45C2-4AFA-8C88-661E899ECE6B}.Debug|x64.ActiveCfg = Debug|Any CPU
		{BCC8AB31-45C2-4AFA-8C88-661E899ECE6B}.Debug|x64.Build.0 = Debug|Any CPU
		{BCC8AB31-45C2-4AFA-8C88-661E899ECE6B}.Debug|x86.ActiveCfg = Debug|Any CPU
		{BCC8AB31-45C2-4AFA-8C88-661E899ECE6B}.Debug|x86.Build.0 = Debug|Any CPU
		{BCC8AB31-45C2-4AFA-8C88-661E899ECE6B}.Release|Any CPU.ActiveCfg = Release|Any CPU
		{BCC8AB31-45C2-4AFA-8C88-661E899ECE6B}.Release|Any CPU.Build.0 = Release|Any CPU
		{BCC8AB31-45C2-4AFA-8C88-661E899ECE6B}.Release|x64.ActiveCfg = Release|Any CPU
		{BCC8AB31-45C2-4AFA-8C88-661E899ECE6B}.Release|x64.Build.0 = Release|Any CPU
		{BCC8AB31-45C2-4AFA-8C88-661E899ECE6B}.Release|x86.ActiveCfg = Release|Any CPU
		{BCC8AB31-45C2-4AFA-8C88-661E899ECE6B}.Release|x86.Build.0 = Release|Any CPU
		{CF77F35F-8E88-4AE9-A688-C21FF11C2FC9}.Debug|Any CPU.ActiveCfg = Debug|Any CPU
		{CF77F35F-8E88-4AE9-A688-C21FF11C2FC9}.Debug|Any CPU.Build.0 = Debug|Any CPU
		{CF77F35F-8E88-4AE9-A688-C21FF11C2FC9}.Debug|x64.ActiveCfg = Debug|Any CPU
		{CF77F35F-8E88-4AE9-A688-C21FF11C2FC9}.Debug|x64.Build.0 = Debug|Any CPU
		{CF77F35F-8E88-4AE9-A688-C21FF11C2FC9}.Debug|x86.ActiveCfg = Debug|Any CPU
		{CF77F35F-8E88-4AE9-A688-C21FF11C2FC9}.Debug|x86.Build.0 = Debug|Any CPU
		{CF77F35F-8E88-4AE9-A688-C21FF11C2FC9}.Release|Any CPU.ActiveCfg = Release|Any CPU
		{CF77F35F-8E88-4AE9-A688-C21FF11C2FC9}.Release|Any CPU.Build.0 = Release|Any CPU
		{CF77F35F-8E88-4AE9-A688-C21FF11C2FC9}.Release|x64.ActiveCfg = Release|Any CPU
		{CF77F35F-8E88-4AE9-A688-C21FF11C2FC9}.Release|x64.Build.0 = Release|Any CPU
		{CF77F35F-8E88-4AE9-A688-C21FF11C2FC9}.Release|x86.ActiveCfg = Release|Any CPU
		{CF77F35F-8E88-4AE9-A688-C21FF11C2FC9}.Release|x86.Build.0 = Release|Any CPU
		{AD54E6C2-1639-44F8-990E-5C5CE38CE6A9}.Debug|Any CPU.ActiveCfg = Debug|Any CPU
		{AD54E6C2-1639-44F8-990E-5C5CE38CE6A9}.Debug|Any CPU.Build.0 = Debug|Any CPU
		{AD54E6C2-1639-44F8-990E-5C5CE38CE6A9}.Debug|x64.ActiveCfg = Debug|Any CPU
		{AD54E6C2-1639-44F8-990E-5C5CE38CE6A9}.Debug|x64.Build.0 = Debug|Any CPU
		{AD54E6C2-1639-44F8-990E-5C5CE38CE6A9}.Debug|x86.ActiveCfg = Debug|Any CPU
		{AD54E6C2-1639-44F8-990E-5C5CE38CE6A9}.Debug|x86.Build.0 = Debug|Any CPU
		{AD54E6C2-1639-44F8-990E-5C5CE38CE6A9}.Release|Any CPU.ActiveCfg = Release|Any CPU
		{AD54E6C2-1639-44F8-990E-5C5CE38CE6A9}.Release|Any CPU.Build.0 = Release|Any CPU
		{AD54E6C2-1639-44F8-990E-5C5CE38CE6A9}.Release|x64.ActiveCfg = Release|Any CPU
		{AD54E6C2-1639-44F8-990E-5C5CE38CE6A9}.Release|x64.Build.0 = Release|Any CPU
		{AD54E6C2-1639-44F8-990E-5C5CE38CE6A9}.Release|x86.ActiveCfg = Release|Any CPU
		{AD54E6C2-1639-44F8-990E-5C5CE38CE6A9}.Release|x86.Build.0 = Release|Any CPU
		{0E519804-B203-4017-9B45-0BE18D1113A7}.Debug|Any CPU.ActiveCfg = Debug|Any CPU
		{0E519804-B203-4017-9B45-0BE18D1113A7}.Debug|Any CPU.Build.0 = Debug|Any CPU
		{0E519804-B203-4017-9B45-0BE18D1113A7}.Debug|x64.ActiveCfg = Debug|Any CPU
		{0E519804-B203-4017-9B45-0BE18D1113A7}.Debug|x64.Build.0 = Debug|Any CPU
		{0E519804-B203-4017-9B45-0BE18D1113A7}.Debug|x86.ActiveCfg = Debug|Any CPU
		{0E519804-B203-4017-9B45-0BE18D1113A7}.Debug|x86.Build.0 = Debug|Any CPU
		{0E519804-B203-4017-9B45-0BE18D1113A7}.Release|Any CPU.ActiveCfg = Release|Any CPU
		{0E519804-B203-4017-9B45-0BE18D1113A7}.Release|Any CPU.Build.0 = Release|Any CPU
		{0E519804-B203-4017-9B45-0BE18D1113A7}.Release|x64.ActiveCfg = Release|Any CPU
		{0E519804-B203-4017-9B45-0BE18D1113A7}.Release|x64.Build.0 = Release|Any CPU
		{0E519804-B203-4017-9B45-0BE18D1113A7}.Release|x86.ActiveCfg = Release|Any CPU
		{0E519804-B203-4017-9B45-0BE18D1113A7}.Release|x86.Build.0 = Release|Any CPU
		{3D429465-572B-41AD-8E15-A47979C8364C}.Debug|Any CPU.ActiveCfg = Debug|Any CPU
		{3D429465-572B-41AD-8E15-A47979C8364C}.Debug|Any CPU.Build.0 = Debug|Any CPU
		{3D429465-572B-41AD-8E15-A47979C8364C}.Debug|x64.ActiveCfg = Debug|Any CPU
		{3D429465-572B-41AD-8E15-A47979C8364C}.Debug|x64.Build.0 = Debug|Any CPU
		{3D429465-572B-41AD-8E15-A47979C8364C}.Debug|x86.ActiveCfg = Debug|Any CPU
		{3D429465-572B-41AD-8E15-A47979C8364C}.Debug|x86.Build.0 = Debug|Any CPU
		{3D429465-572B-41AD-8E15-A47979C8364C}.Release|Any CPU.ActiveCfg = Release|Any CPU
		{3D429465-572B-41AD-8E15-A47979C8364C}.Release|Any CPU.Build.0 = Release|Any CPU
		{3D429465-572B-41AD-8E15-A47979C8364C}.Release|x64.ActiveCfg = Release|Any CPU
		{3D429465-572B-41AD-8E15-A47979C8364C}.Release|x64.Build.0 = Release|Any CPU
		{3D429465-572B-41AD-8E15-A47979C8364C}.Release|x86.ActiveCfg = Release|Any CPU
		{3D429465-572B-41AD-8E15-A47979C8364C}.Release|x86.Build.0 = Release|Any CPU
		{C1BE215B-7428-4E32-A8E1-CD2D404FB61D}.Debug|Any CPU.ActiveCfg = Debug|Any CPU
		{C1BE215B-7428-4E32-A8E1-CD2D404FB61D}.Debug|Any CPU.Build.0 = Debug|Any CPU
		{C1BE215B-7428-4E32-A8E1-CD2D404FB61D}.Debug|x64.ActiveCfg = Debug|Any CPU
		{C1BE215B-7428-4E32-A8E1-CD2D404FB61D}.Debug|x64.Build.0 = Debug|Any CPU
		{C1BE215B-7428-4E32-A8E1-CD2D404FB61D}.Debug|x86.ActiveCfg = Debug|Any CPU
		{C1BE215B-7428-4E32-A8E1-CD2D404FB61D}.Debug|x86.Build.0 = Debug|Any CPU
		{C1BE215B-7428-4E32-A8E1-CD2D404FB61D}.Release|Any CPU.ActiveCfg = Release|Any CPU
		{C1BE215B-7428-4E32-A8E1-CD2D404FB61D}.Release|Any CPU.Build.0 = Release|Any CPU
		{C1BE215B-7428-4E32-A8E1-CD2D404FB61D}.Release|x64.ActiveCfg = Release|Any CPU
		{C1BE215B-7428-4E32-A8E1-CD2D404FB61D}.Release|x64.Build.0 = Release|Any CPU
		{C1BE215B-7428-4E32-A8E1-CD2D404FB61D}.Release|x86.ActiveCfg = Release|Any CPU
		{C1BE215B-7428-4E32-A8E1-CD2D404FB61D}.Release|x86.Build.0 = Release|Any CPU
		{FF4A08DE-825D-437A-984B-035DEAC9AA78}.Debug|Any CPU.ActiveCfg = Debug|Any CPU
		{FF4A08DE-825D-437A-984B-035DEAC9AA78}.Debug|Any CPU.Build.0 = Debug|Any CPU
		{FF4A08DE-825D-437A-984B-035DEAC9AA78}.Debug|x64.ActiveCfg = Debug|Any CPU
		{FF4A08DE-825D-437A-984B-035DEAC9AA78}.Debug|x64.Build.0 = Debug|Any CPU
		{FF4A08DE-825D-437A-984B-035DEAC9AA78}.Debug|x86.ActiveCfg = Debug|Any CPU
		{FF4A08DE-825D-437A-984B-035DEAC9AA78}.Debug|x86.Build.0 = Debug|Any CPU
		{FF4A08DE-825D-437A-984B-035DEAC9AA78}.Release|Any CPU.ActiveCfg = Release|Any CPU
		{FF4A08DE-825D-437A-984B-035DEAC9AA78}.Release|Any CPU.Build.0 = Release|Any CPU
		{FF4A08DE-825D-437A-984B-035DEAC9AA78}.Release|x64.ActiveCfg = Release|Any CPU
		{FF4A08DE-825D-437A-984B-035DEAC9AA78}.Release|x64.Build.0 = Release|Any CPU
		{FF4A08DE-825D-437A-984B-035DEAC9AA78}.Release|x86.ActiveCfg = Release|Any CPU
		{FF4A08DE-825D-437A-984B-035DEAC9AA78}.Release|x86.Build.0 = Release|Any CPU
		{6563EA62-60F3-41A9-9140-D1FE372B475E}.Debug|Any CPU.ActiveCfg = Debug|Any CPU
		{6563EA62-60F3-41A9-9140-D1FE372B475E}.Debug|Any CPU.Build.0 = Debug|Any CPU
		{6563EA62-60F3-41A9-9140-D1FE372B475E}.Debug|x64.ActiveCfg = Debug|Any CPU
		{6563EA62-60F3-41A9-9140-D1FE372B475E}.Debug|x64.Build.0 = Debug|Any CPU
		{6563EA62-60F3-41A9-9140-D1FE372B475E}.Debug|x86.ActiveCfg = Debug|Any CPU
		{6563EA62-60F3-41A9-9140-D1FE372B475E}.Debug|x86.Build.0 = Debug|Any CPU
		{6563EA62-60F3-41A9-9140-D1FE372B475E}.Release|Any CPU.ActiveCfg = Release|Any CPU
		{6563EA62-60F3-41A9-9140-D1FE372B475E}.Release|Any CPU.Build.0 = Release|Any CPU
		{6563EA62-60F3-41A9-9140-D1FE372B475E}.Release|x64.ActiveCfg = Release|Any CPU
		{6563EA62-60F3-41A9-9140-D1FE372B475E}.Release|x64.Build.0 = Release|Any CPU
		{6563EA62-60F3-41A9-9140-D1FE372B475E}.Release|x86.ActiveCfg = Release|Any CPU
		{6563EA62-60F3-41A9-9140-D1FE372B475E}.Release|x86.Build.0 = Release|Any CPU
	EndGlobalSection
	GlobalSection(SolutionProperties) = preSolution
		HideSolutionNode = FALSE
	EndGlobalSection
	GlobalSection(NestedProjects) = preSolution
		{5C790D09-E77B-473F-8991-DDA6B973038E} = {0EB1A462-6A2B-42AC-B99C-8D61CBAD1ED2}
		{EDDCF609-C2BC-484F-96E5-BB4AA8E5734D} = {0EB1A462-6A2B-42AC-B99C-8D61CBAD1ED2}
		{92FDBA76-0FBD-43CC-AA56-B8BEC5450AE6} = {0EB1A462-6A2B-42AC-B99C-8D61CBAD1ED2}
		{027159B5-FE45-4112-8281-2CB8DCCCD8AF} = {0EB1A462-6A2B-42AC-B99C-8D61CBAD1ED2}
		{614DC7D9-D08A-453D-99C7-53D3DD04DE55} = {0EB1A462-6A2B-42AC-B99C-8D61CBAD1ED2}
		{2B72495B-4633-4A63-8C5D-8B63443E7AAE} = {0EB1A462-6A2B-42AC-B99C-8D61CBAD1ED2}
		{4872626C-523B-481B-99CD-FF30749BC537} = {0EB1A462-6A2B-42AC-B99C-8D61CBAD1ED2}
		{BFE36C94-9F12-4B4E-A599-6BFCF8383FF1} = {0EB1A462-6A2B-42AC-B99C-8D61CBAD1ED2}
		{9D4C3205-1CE5-42E1-B11B-5F3538730088} = {0EB1A462-6A2B-42AC-B99C-8D61CBAD1ED2}
		{054F5337-7CA1-4E89-9F26-28911297CC3F} = {FCF5EE34-47B3-4134-A459-2A1A465F2845}
		{5F4DCB40-5640-4C96-8D42-50FCB2A32E98} = {FCF5EE34-47B3-4134-A459-2A1A465F2845}
		{81155A8F-301B-4800-BB6E-AF5755A9C537} = {FCF5EE34-47B3-4134-A459-2A1A465F2845}
		{82F1ECEF-1151-47B6-8422-1CB4B20D5677} = {FCF5EE34-47B3-4134-A459-2A1A465F2845}
		{D8F59147-8594-4F8A-9CB6-C3560C62BC0A} = {0EB1A462-6A2B-42AC-B99C-8D61CBAD1ED2}
		{0E577C95-2A55-4C5A-B1A2-DCB72224CA55} = {0EB1A462-6A2B-42AC-B99C-8D61CBAD1ED2}
		{4CD473AB-80F5-4FB7-A276-D014882F1626} = {0EB1A462-6A2B-42AC-B99C-8D61CBAD1ED2}
		{22DBB935-CACE-4A06-B64D-DA0C3F59FBC1} = {FCF5EE34-47B3-4134-A459-2A1A465F2845}
		{F86830C9-1904-4F4F-A46B-57E9A5A53193} = {FCF5EE34-47B3-4134-A459-2A1A465F2845}
		{D9AB3605-0B1F-4177-93A0-59EBB42AB20D} = {FA7AC0DC-F083-4388-B3A1-8493B96B2FBD}
		{7C2530FC-7A95-4C8A-866B-53F559BDE8D8} = {FA7AC0DC-F083-4388-B3A1-8493B96B2FBD}
		{BCC8AB31-45C2-4AFA-8C88-661E899ECE6B} = {FA7AC0DC-F083-4388-B3A1-8493B96B2FBD}
		{CF77F35F-8E88-4AE9-A688-C21FF11C2FC9} = {FA7AC0DC-F083-4388-B3A1-8493B96B2FBD}
		{AD54E6C2-1639-44F8-990E-5C5CE38CE6A9} = {FA7AC0DC-F083-4388-B3A1-8493B96B2FBD}
		{0E519804-B203-4017-9B45-0BE18D1113A7} = {FA7AC0DC-F083-4388-B3A1-8493B96B2FBD}
		{3D429465-572B-41AD-8E15-A47979C8364C} = {FCF5EE34-47B3-4134-A459-2A1A465F2845}
		{C1BE215B-7428-4E32-A8E1-CD2D404FB61D} = {FA7AC0DC-F083-4388-B3A1-8493B96B2FBD}
		{FF4A08DE-825D-437A-984B-035DEAC9AA78} = {FA7AC0DC-F083-4388-B3A1-8493B96B2FBD}
		{6563EA62-60F3-41A9-9140-D1FE372B475E} = {99605BA5-9BDF-46BE-A0A3-6E1D65BD4ECB}
	EndGlobalSection
	GlobalSection(ExtensibilityGlobals) = postSolution
		SolutionGuid = {9A069FB9-F39D-4B71-970B-F15504AD6B4B}
	EndGlobalSection
EndGlobal
