
Microsoft Visual Studio Solution File, Format Version 12.00
# Visual Studio 15
VisualStudioVersion = 15.0.26124.0
MinimumVisualStudioVersion = 15.0.26124.0
Project("{2150E333-8FDC-42A3-9474-1A3956D46DE8}") = "src", "src", "{0EB1A462-6A2B-42AC-B99C-8D61CBAD1ED2}"
EndProject
Project("{9A19103F-16F7-4668-BE54-9A1E7A4F7556}") = "SoftwarePioniere.Messaging", "src\SoftwarePioniere.Messaging\SoftwarePioniere.Messaging.csproj", "{5AB53D53-7499-4E82-A7CC-2AE0B145616B}"
EndProject
Project("{2150E333-8FDC-42A3-9474-1A3956D46DE8}") = "test", "test", "{FCF5EE34-47B3-4134-A459-2A1A465F2845}"
EndProject
Project("{9A19103F-16F7-4668-BE54-9A1E7A4F7556}") = "SoftwarePioniere.Messaging.Tests", "test\SoftwarePioniere.Messaging.Tests\SoftwarePioniere.Messaging.Tests.csproj", "{1B94ED97-7E69-4B25-B5A1-4BBDB61DE3DC}"
EndProject
Project("{9A19103F-16F7-4668-BE54-9A1E7A4F7556}") = "SoftwarePioniere.Messaging.TestHarness", "src\SoftwarePioniere.Messaging.TestHarness\SoftwarePioniere.Messaging.TestHarness.csproj", "{BB692DF9-50BF-42C5-8D02-376E5EACE698}"
EndProject
Project("{9A19103F-16F7-4668-BE54-9A1E7A4F7556}") = "SoftwarePioniere.DomainModel", "src\SoftwarePioniere.DomainModel\SoftwarePioniere.DomainModel.csproj", "{A90E9141-DE10-4188-835B-75FFD9388276}"
EndProject
Project("{9A19103F-16F7-4668-BE54-9A1E7A4F7556}") = "SoftwarePioniere.DomainModel.Services", "src\SoftwarePioniere.DomainModel.Services\SoftwarePioniere.DomainModel.Services.csproj", "{83E3DF11-3C88-40C1-9E19-DDC5C1E83704}"
EndProject
Project("{9A19103F-16F7-4668-BE54-9A1E7A4F7556}") = "SoftwarePioniere.DomainModel.TestHarness", "src\SoftwarePioniere.DomainModel.TestHarness\SoftwarePioniere.DomainModel.TestHarness.csproj", "{C0E9EA3E-BE89-49CE-A8DE-35CC42AA0648}"
EndProject
Project("{9A19103F-16F7-4668-BE54-9A1E7A4F7556}") = "SoftwarePioniere.ReadModel", "src\SoftwarePioniere.ReadModel\SoftwarePioniere.ReadModel.csproj", "{E3B6D012-F806-4F3F-B465-1AECA08E9FDF}"
EndProject
Project("{9A19103F-16F7-4668-BE54-9A1E7A4F7556}") = "SoftwarePioniere.ReadModel.Services", "src\SoftwarePioniere.ReadModel.Services\SoftwarePioniere.ReadModel.Services.csproj", "{BFF00385-A08C-415C-807C-BAA1ED151FE2}"
EndProject
Project("{9A19103F-16F7-4668-BE54-9A1E7A4F7556}") = "SoftwarePioniere.ReadModel.TestHarness", "src\SoftwarePioniere.ReadModel.TestHarness\SoftwarePioniere.ReadModel.TestHarness.csproj", "{976D2568-6F1D-4417-99D8-E2A8B36FFD30}"
EndProject
Project("{9A19103F-16F7-4668-BE54-9A1E7A4F7556}") = "SoftwarePioniere.DomainModel.Services.Tests", "test\SoftwarePioniere.DomainModel.Services.Tests\SoftwarePioniere.DomainModel.Services.Tests.csproj", "{F1AC34C7-285C-47F6-88F2-C34A131E6326}"
EndProject
Project("{9A19103F-16F7-4668-BE54-9A1E7A4F7556}") = "SoftwarePioniere.DomainModel.Tests", "test\SoftwarePioniere.DomainModel.Tests\SoftwarePioniere.DomainModel.Tests.csproj", "{A7AD933F-A47D-4FF8-830B-18167B62EBF3}"
EndProject
Project("{9A19103F-16F7-4668-BE54-9A1E7A4F7556}") = "SoftwarePioniere.ReadModel.Services.Tests", "test\SoftwarePioniere.ReadModel.Services.Tests\SoftwarePioniere.ReadModel.Services.Tests.csproj", "{1052CE20-E364-4FB1-B572-4EA2C3B2B808}"
EndProject
Project("{9A19103F-16F7-4668-BE54-9A1E7A4F7556}") = "SoftwarePioniere.ReadModel.Tests", "test\SoftwarePioniere.ReadModel.Tests\SoftwarePioniere.ReadModel.Tests.csproj", "{2B3796C5-A674-4FD4-BD7E-7E0BDE9A663E}"
EndProject
Project("{9A19103F-16F7-4668-BE54-9A1E7A4F7556}") = "SoftwarePioniere.TestHarness", "src\SoftwarePioniere.TestHarness\SoftwarePioniere.TestHarness.csproj", "{5C790D09-E77B-473F-8991-DDA6B973038E}"
EndProject
Project("{9A19103F-16F7-4668-BE54-9A1E7A4F7556}") = "SoftwarePioniere.Foundatio", "src\SoftwarePioniere.Foundatio\SoftwarePioniere.Foundatio.csproj", "{4A904ED7-DCE3-4E75-9D51-98382BC4BFB7}"
EndProject
Project("{9A19103F-16F7-4668-BE54-9A1E7A4F7556}") = "SoftwarePioniere.Projections", "src\SoftwarePioniere.Projections\SoftwarePioniere.Projections.csproj", "{D2499532-2523-431D-9EE0-0997C16579F7}"
EndProject
Project("{9A19103F-16F7-4668-BE54-9A1E7A4F7556}") = "SoftwarePioniere.Foundatio.Redis", "src\SoftwarePioniere.Foundatio.Redis\SoftwarePioniere.Foundatio.Redis.csproj", "{0E6C5C29-0867-48E5-BDD3-B85B54684877}"
EndProject
Project("{9A19103F-16F7-4668-BE54-9A1E7A4F7556}") = "SoftwarePioniere.DomainModel.Abstractions", "src\SoftwarePioniere.DomainModel.Abstractions\SoftwarePioniere.DomainModel.Abstractions.csproj", "{BA2AF1A3-C1CE-49FB-94A7-ACDDA29860D2}"
EndProject
Project("{9A19103F-16F7-4668-BE54-9A1E7A4F7556}") = "SoftwarePioniere.Projections.Abstractions", "src\SoftwarePioniere.Projections.Abstractions\SoftwarePioniere.Projections.Abstractions.csproj", "{0F6DA410-BCFB-442F-8B6E-72DF235498EF}"
EndProject
Project("{2150E333-8FDC-42A3-9474-1A3956D46DE8}") = "Solution Items", "Solution Items", "{45588F03-FEE0-4F8C-8179-BDAE5C4749BF}"
	ProjectSection(SolutionItems) = preProject
		Directory.Build.props = Directory.Build.props
		Dockerfile = Dockerfile
	EndProjectSection
EndProject
Project("{9A19103F-16F7-4668-BE54-9A1E7A4F7556}") = "SoftwarePioniere.Projections.Services", "src\SoftwarePioniere.Projections.Services\SoftwarePioniere.Projections.Services.csproj", "{22F32BCF-E0F8-47DA-BF2E-29B2BFE6B7C7}"
EndProject
Project("{9A19103F-16F7-4668-BE54-9A1E7A4F7556}") = "SoftwarePioniere.Clients", "src\SoftwarePioniere.Clients\SoftwarePioniere.Clients.csproj", "{45C1345F-F0E4-41A1-A164-6D53201F8F7B}"
EndProject
Project("{9A19103F-16F7-4668-BE54-9A1E7A4F7556}") = "SoftwarePioniere.Clients.Tests", "test\SoftwarePioniere.Clients.Tests\SoftwarePioniere.Clients.Tests.csproj", "{C59E0EBB-4F6F-4951-A2B8-0B6164E188BC}"
EndProject
Global
	GlobalSection(SolutionConfigurationPlatforms) = preSolution
		Debug|Any CPU = Debug|Any CPU
		Debug|x64 = Debug|x64
		Debug|x86 = Debug|x86
		Release|Any CPU = Release|Any CPU
		Release|x64 = Release|x64
		Release|x86 = Release|x86
	EndGlobalSection
	GlobalSection(ProjectConfigurationPlatforms) = postSolution
		{5AB53D53-7499-4E82-A7CC-2AE0B145616B}.Debug|Any CPU.ActiveCfg = Debug|Any CPU
		{5AB53D53-7499-4E82-A7CC-2AE0B145616B}.Debug|Any CPU.Build.0 = Debug|Any CPU
		{5AB53D53-7499-4E82-A7CC-2AE0B145616B}.Debug|x64.ActiveCfg = Debug|Any CPU
		{5AB53D53-7499-4E82-A7CC-2AE0B145616B}.Debug|x64.Build.0 = Debug|Any CPU
		{5AB53D53-7499-4E82-A7CC-2AE0B145616B}.Debug|x86.ActiveCfg = Debug|Any CPU
		{5AB53D53-7499-4E82-A7CC-2AE0B145616B}.Debug|x86.Build.0 = Debug|Any CPU
		{5AB53D53-7499-4E82-A7CC-2AE0B145616B}.Release|Any CPU.ActiveCfg = Release|Any CPU
		{5AB53D53-7499-4E82-A7CC-2AE0B145616B}.Release|Any CPU.Build.0 = Release|Any CPU
		{5AB53D53-7499-4E82-A7CC-2AE0B145616B}.Release|x64.ActiveCfg = Release|Any CPU
		{5AB53D53-7499-4E82-A7CC-2AE0B145616B}.Release|x64.Build.0 = Release|Any CPU
		{5AB53D53-7499-4E82-A7CC-2AE0B145616B}.Release|x86.ActiveCfg = Release|Any CPU
		{5AB53D53-7499-4E82-A7CC-2AE0B145616B}.Release|x86.Build.0 = Release|Any CPU
		{1B94ED97-7E69-4B25-B5A1-4BBDB61DE3DC}.Debug|Any CPU.ActiveCfg = Debug|Any CPU
		{1B94ED97-7E69-4B25-B5A1-4BBDB61DE3DC}.Debug|Any CPU.Build.0 = Debug|Any CPU
		{1B94ED97-7E69-4B25-B5A1-4BBDB61DE3DC}.Debug|x64.ActiveCfg = Debug|Any CPU
		{1B94ED97-7E69-4B25-B5A1-4BBDB61DE3DC}.Debug|x64.Build.0 = Debug|Any CPU
		{1B94ED97-7E69-4B25-B5A1-4BBDB61DE3DC}.Debug|x86.ActiveCfg = Debug|Any CPU
		{1B94ED97-7E69-4B25-B5A1-4BBDB61DE3DC}.Debug|x86.Build.0 = Debug|Any CPU
		{1B94ED97-7E69-4B25-B5A1-4BBDB61DE3DC}.Release|Any CPU.ActiveCfg = Release|Any CPU
		{1B94ED97-7E69-4B25-B5A1-4BBDB61DE3DC}.Release|Any CPU.Build.0 = Release|Any CPU
		{1B94ED97-7E69-4B25-B5A1-4BBDB61DE3DC}.Release|x64.ActiveCfg = Release|Any CPU
		{1B94ED97-7E69-4B25-B5A1-4BBDB61DE3DC}.Release|x64.Build.0 = Release|Any CPU
		{1B94ED97-7E69-4B25-B5A1-4BBDB61DE3DC}.Release|x86.ActiveCfg = Release|Any CPU
		{1B94ED97-7E69-4B25-B5A1-4BBDB61DE3DC}.Release|x86.Build.0 = Release|Any CPU
		{BB692DF9-50BF-42C5-8D02-376E5EACE698}.Debug|Any CPU.ActiveCfg = Debug|Any CPU
		{BB692DF9-50BF-42C5-8D02-376E5EACE698}.Debug|Any CPU.Build.0 = Debug|Any CPU
		{BB692DF9-50BF-42C5-8D02-376E5EACE698}.Debug|x64.ActiveCfg = Debug|Any CPU
		{BB692DF9-50BF-42C5-8D02-376E5EACE698}.Debug|x64.Build.0 = Debug|Any CPU
		{BB692DF9-50BF-42C5-8D02-376E5EACE698}.Debug|x86.ActiveCfg = Debug|Any CPU
		{BB692DF9-50BF-42C5-8D02-376E5EACE698}.Debug|x86.Build.0 = Debug|Any CPU
		{BB692DF9-50BF-42C5-8D02-376E5EACE698}.Release|Any CPU.ActiveCfg = Release|Any CPU
		{BB692DF9-50BF-42C5-8D02-376E5EACE698}.Release|Any CPU.Build.0 = Release|Any CPU
		{BB692DF9-50BF-42C5-8D02-376E5EACE698}.Release|x64.ActiveCfg = Release|Any CPU
		{BB692DF9-50BF-42C5-8D02-376E5EACE698}.Release|x64.Build.0 = Release|Any CPU
		{BB692DF9-50BF-42C5-8D02-376E5EACE698}.Release|x86.ActiveCfg = Release|Any CPU
		{BB692DF9-50BF-42C5-8D02-376E5EACE698}.Release|x86.Build.0 = Release|Any CPU
		{A90E9141-DE10-4188-835B-75FFD9388276}.Debug|Any CPU.ActiveCfg = Debug|Any CPU
		{A90E9141-DE10-4188-835B-75FFD9388276}.Debug|Any CPU.Build.0 = Debug|Any CPU
		{A90E9141-DE10-4188-835B-75FFD9388276}.Debug|x64.ActiveCfg = Debug|Any CPU
		{A90E9141-DE10-4188-835B-75FFD9388276}.Debug|x64.Build.0 = Debug|Any CPU
		{A90E9141-DE10-4188-835B-75FFD9388276}.Debug|x86.ActiveCfg = Debug|Any CPU
		{A90E9141-DE10-4188-835B-75FFD9388276}.Debug|x86.Build.0 = Debug|Any CPU
		{A90E9141-DE10-4188-835B-75FFD9388276}.Release|Any CPU.ActiveCfg = Release|Any CPU
		{A90E9141-DE10-4188-835B-75FFD9388276}.Release|Any CPU.Build.0 = Release|Any CPU
		{A90E9141-DE10-4188-835B-75FFD9388276}.Release|x64.ActiveCfg = Release|Any CPU
		{A90E9141-DE10-4188-835B-75FFD9388276}.Release|x64.Build.0 = Release|Any CPU
		{A90E9141-DE10-4188-835B-75FFD9388276}.Release|x86.ActiveCfg = Release|Any CPU
		{A90E9141-DE10-4188-835B-75FFD9388276}.Release|x86.Build.0 = Release|Any CPU
		{83E3DF11-3C88-40C1-9E19-DDC5C1E83704}.Debug|Any CPU.ActiveCfg = Debug|Any CPU
		{83E3DF11-3C88-40C1-9E19-DDC5C1E83704}.Debug|Any CPU.Build.0 = Debug|Any CPU
		{83E3DF11-3C88-40C1-9E19-DDC5C1E83704}.Debug|x64.ActiveCfg = Debug|Any CPU
		{83E3DF11-3C88-40C1-9E19-DDC5C1E83704}.Debug|x64.Build.0 = Debug|Any CPU
		{83E3DF11-3C88-40C1-9E19-DDC5C1E83704}.Debug|x86.ActiveCfg = Debug|Any CPU
		{83E3DF11-3C88-40C1-9E19-DDC5C1E83704}.Debug|x86.Build.0 = Debug|Any CPU
		{83E3DF11-3C88-40C1-9E19-DDC5C1E83704}.Release|Any CPU.ActiveCfg = Release|Any CPU
		{83E3DF11-3C88-40C1-9E19-DDC5C1E83704}.Release|Any CPU.Build.0 = Release|Any CPU
		{83E3DF11-3C88-40C1-9E19-DDC5C1E83704}.Release|x64.ActiveCfg = Release|Any CPU
		{83E3DF11-3C88-40C1-9E19-DDC5C1E83704}.Release|x64.Build.0 = Release|Any CPU
		{83E3DF11-3C88-40C1-9E19-DDC5C1E83704}.Release|x86.ActiveCfg = Release|Any CPU
		{83E3DF11-3C88-40C1-9E19-DDC5C1E83704}.Release|x86.Build.0 = Release|Any CPU
		{C0E9EA3E-BE89-49CE-A8DE-35CC42AA0648}.Debug|Any CPU.ActiveCfg = Debug|Any CPU
		{C0E9EA3E-BE89-49CE-A8DE-35CC42AA0648}.Debug|Any CPU.Build.0 = Debug|Any CPU
		{C0E9EA3E-BE89-49CE-A8DE-35CC42AA0648}.Debug|x64.ActiveCfg = Debug|Any CPU
		{C0E9EA3E-BE89-49CE-A8DE-35CC42AA0648}.Debug|x64.Build.0 = Debug|Any CPU
		{C0E9EA3E-BE89-49CE-A8DE-35CC42AA0648}.Debug|x86.ActiveCfg = Debug|Any CPU
		{C0E9EA3E-BE89-49CE-A8DE-35CC42AA0648}.Debug|x86.Build.0 = Debug|Any CPU
		{C0E9EA3E-BE89-49CE-A8DE-35CC42AA0648}.Release|Any CPU.ActiveCfg = Release|Any CPU
		{C0E9EA3E-BE89-49CE-A8DE-35CC42AA0648}.Release|Any CPU.Build.0 = Release|Any CPU
		{C0E9EA3E-BE89-49CE-A8DE-35CC42AA0648}.Release|x64.ActiveCfg = Release|Any CPU
		{C0E9EA3E-BE89-49CE-A8DE-35CC42AA0648}.Release|x64.Build.0 = Release|Any CPU
		{C0E9EA3E-BE89-49CE-A8DE-35CC42AA0648}.Release|x86.ActiveCfg = Release|Any CPU
		{C0E9EA3E-BE89-49CE-A8DE-35CC42AA0648}.Release|x86.Build.0 = Release|Any CPU
		{E3B6D012-F806-4F3F-B465-1AECA08E9FDF}.Debug|Any CPU.ActiveCfg = Debug|Any CPU
		{E3B6D012-F806-4F3F-B465-1AECA08E9FDF}.Debug|Any CPU.Build.0 = Debug|Any CPU
		{E3B6D012-F806-4F3F-B465-1AECA08E9FDF}.Debug|x64.ActiveCfg = Debug|Any CPU
		{E3B6D012-F806-4F3F-B465-1AECA08E9FDF}.Debug|x64.Build.0 = Debug|Any CPU
		{E3B6D012-F806-4F3F-B465-1AECA08E9FDF}.Debug|x86.ActiveCfg = Debug|Any CPU
		{E3B6D012-F806-4F3F-B465-1AECA08E9FDF}.Debug|x86.Build.0 = Debug|Any CPU
		{E3B6D012-F806-4F3F-B465-1AECA08E9FDF}.Release|Any CPU.ActiveCfg = Release|Any CPU
		{E3B6D012-F806-4F3F-B465-1AECA08E9FDF}.Release|Any CPU.Build.0 = Release|Any CPU
		{E3B6D012-F806-4F3F-B465-1AECA08E9FDF}.Release|x64.ActiveCfg = Release|Any CPU
		{E3B6D012-F806-4F3F-B465-1AECA08E9FDF}.Release|x64.Build.0 = Release|Any CPU
		{E3B6D012-F806-4F3F-B465-1AECA08E9FDF}.Release|x86.ActiveCfg = Release|Any CPU
		{E3B6D012-F806-4F3F-B465-1AECA08E9FDF}.Release|x86.Build.0 = Release|Any CPU
		{BFF00385-A08C-415C-807C-BAA1ED151FE2}.Debug|Any CPU.ActiveCfg = Debug|Any CPU
		{BFF00385-A08C-415C-807C-BAA1ED151FE2}.Debug|Any CPU.Build.0 = Debug|Any CPU
		{BFF00385-A08C-415C-807C-BAA1ED151FE2}.Debug|x64.ActiveCfg = Debug|Any CPU
		{BFF00385-A08C-415C-807C-BAA1ED151FE2}.Debug|x64.Build.0 = Debug|Any CPU
		{BFF00385-A08C-415C-807C-BAA1ED151FE2}.Debug|x86.ActiveCfg = Debug|Any CPU
		{BFF00385-A08C-415C-807C-BAA1ED151FE2}.Debug|x86.Build.0 = Debug|Any CPU
		{BFF00385-A08C-415C-807C-BAA1ED151FE2}.Release|Any CPU.ActiveCfg = Release|Any CPU
		{BFF00385-A08C-415C-807C-BAA1ED151FE2}.Release|Any CPU.Build.0 = Release|Any CPU
		{BFF00385-A08C-415C-807C-BAA1ED151FE2}.Release|x64.ActiveCfg = Release|Any CPU
		{BFF00385-A08C-415C-807C-BAA1ED151FE2}.Release|x64.Build.0 = Release|Any CPU
		{BFF00385-A08C-415C-807C-BAA1ED151FE2}.Release|x86.ActiveCfg = Release|Any CPU
		{BFF00385-A08C-415C-807C-BAA1ED151FE2}.Release|x86.Build.0 = Release|Any CPU
		{976D2568-6F1D-4417-99D8-E2A8B36FFD30}.Debug|Any CPU.ActiveCfg = Debug|Any CPU
		{976D2568-6F1D-4417-99D8-E2A8B36FFD30}.Debug|Any CPU.Build.0 = Debug|Any CPU
		{976D2568-6F1D-4417-99D8-E2A8B36FFD30}.Debug|x64.ActiveCfg = Debug|Any CPU
		{976D2568-6F1D-4417-99D8-E2A8B36FFD30}.Debug|x64.Build.0 = Debug|Any CPU
		{976D2568-6F1D-4417-99D8-E2A8B36FFD30}.Debug|x86.ActiveCfg = Debug|Any CPU
		{976D2568-6F1D-4417-99D8-E2A8B36FFD30}.Debug|x86.Build.0 = Debug|Any CPU
		{976D2568-6F1D-4417-99D8-E2A8B36FFD30}.Release|Any CPU.ActiveCfg = Release|Any CPU
		{976D2568-6F1D-4417-99D8-E2A8B36FFD30}.Release|Any CPU.Build.0 = Release|Any CPU
		{976D2568-6F1D-4417-99D8-E2A8B36FFD30}.Release|x64.ActiveCfg = Release|Any CPU
		{976D2568-6F1D-4417-99D8-E2A8B36FFD30}.Release|x64.Build.0 = Release|Any CPU
		{976D2568-6F1D-4417-99D8-E2A8B36FFD30}.Release|x86.ActiveCfg = Release|Any CPU
		{976D2568-6F1D-4417-99D8-E2A8B36FFD30}.Release|x86.Build.0 = Release|Any CPU
		{F1AC34C7-285C-47F6-88F2-C34A131E6326}.Debug|Any CPU.ActiveCfg = Debug|Any CPU
		{F1AC34C7-285C-47F6-88F2-C34A131E6326}.Debug|Any CPU.Build.0 = Debug|Any CPU
		{F1AC34C7-285C-47F6-88F2-C34A131E6326}.Debug|x64.ActiveCfg = Debug|Any CPU
		{F1AC34C7-285C-47F6-88F2-C34A131E6326}.Debug|x64.Build.0 = Debug|Any CPU
		{F1AC34C7-285C-47F6-88F2-C34A131E6326}.Debug|x86.ActiveCfg = Debug|Any CPU
		{F1AC34C7-285C-47F6-88F2-C34A131E6326}.Debug|x86.Build.0 = Debug|Any CPU
		{F1AC34C7-285C-47F6-88F2-C34A131E6326}.Release|Any CPU.ActiveCfg = Release|Any CPU
		{F1AC34C7-285C-47F6-88F2-C34A131E6326}.Release|Any CPU.Build.0 = Release|Any CPU
		{F1AC34C7-285C-47F6-88F2-C34A131E6326}.Release|x64.ActiveCfg = Release|Any CPU
		{F1AC34C7-285C-47F6-88F2-C34A131E6326}.Release|x64.Build.0 = Release|Any CPU
		{F1AC34C7-285C-47F6-88F2-C34A131E6326}.Release|x86.ActiveCfg = Release|Any CPU
		{F1AC34C7-285C-47F6-88F2-C34A131E6326}.Release|x86.Build.0 = Release|Any CPU
		{A7AD933F-A47D-4FF8-830B-18167B62EBF3}.Debug|Any CPU.ActiveCfg = Debug|Any CPU
		{A7AD933F-A47D-4FF8-830B-18167B62EBF3}.Debug|Any CPU.Build.0 = Debug|Any CPU
		{A7AD933F-A47D-4FF8-830B-18167B62EBF3}.Debug|x64.ActiveCfg = Debug|Any CPU
		{A7AD933F-A47D-4FF8-830B-18167B62EBF3}.Debug|x64.Build.0 = Debug|Any CPU
		{A7AD933F-A47D-4FF8-830B-18167B62EBF3}.Debug|x86.ActiveCfg = Debug|Any CPU
		{A7AD933F-A47D-4FF8-830B-18167B62EBF3}.Debug|x86.Build.0 = Debug|Any CPU
		{A7AD933F-A47D-4FF8-830B-18167B62EBF3}.Release|Any CPU.ActiveCfg = Release|Any CPU
		{A7AD933F-A47D-4FF8-830B-18167B62EBF3}.Release|Any CPU.Build.0 = Release|Any CPU
		{A7AD933F-A47D-4FF8-830B-18167B62EBF3}.Release|x64.ActiveCfg = Release|Any CPU
		{A7AD933F-A47D-4FF8-830B-18167B62EBF3}.Release|x64.Build.0 = Release|Any CPU
		{A7AD933F-A47D-4FF8-830B-18167B62EBF3}.Release|x86.ActiveCfg = Release|Any CPU
		{A7AD933F-A47D-4FF8-830B-18167B62EBF3}.Release|x86.Build.0 = Release|Any CPU
		{1052CE20-E364-4FB1-B572-4EA2C3B2B808}.Debug|Any CPU.ActiveCfg = Debug|Any CPU
		{1052CE20-E364-4FB1-B572-4EA2C3B2B808}.Debug|Any CPU.Build.0 = Debug|Any CPU
		{1052CE20-E364-4FB1-B572-4EA2C3B2B808}.Debug|x64.ActiveCfg = Debug|Any CPU
		{1052CE20-E364-4FB1-B572-4EA2C3B2B808}.Debug|x64.Build.0 = Debug|Any CPU
		{1052CE20-E364-4FB1-B572-4EA2C3B2B808}.Debug|x86.ActiveCfg = Debug|Any CPU
		{1052CE20-E364-4FB1-B572-4EA2C3B2B808}.Debug|x86.Build.0 = Debug|Any CPU
		{1052CE20-E364-4FB1-B572-4EA2C3B2B808}.Release|Any CPU.ActiveCfg = Release|Any CPU
		{1052CE20-E364-4FB1-B572-4EA2C3B2B808}.Release|Any CPU.Build.0 = Release|Any CPU
		{1052CE20-E364-4FB1-B572-4EA2C3B2B808}.Release|x64.ActiveCfg = Release|Any CPU
		{1052CE20-E364-4FB1-B572-4EA2C3B2B808}.Release|x64.Build.0 = Release|Any CPU
		{1052CE20-E364-4FB1-B572-4EA2C3B2B808}.Release|x86.ActiveCfg = Release|Any CPU
		{1052CE20-E364-4FB1-B572-4EA2C3B2B808}.Release|x86.Build.0 = Release|Any CPU
		{2B3796C5-A674-4FD4-BD7E-7E0BDE9A663E}.Debug|Any CPU.ActiveCfg = Debug|Any CPU
		{2B3796C5-A674-4FD4-BD7E-7E0BDE9A663E}.Debug|Any CPU.Build.0 = Debug|Any CPU
		{2B3796C5-A674-4FD4-BD7E-7E0BDE9A663E}.Debug|x64.ActiveCfg = Debug|Any CPU
		{2B3796C5-A674-4FD4-BD7E-7E0BDE9A663E}.Debug|x64.Build.0 = Debug|Any CPU
		{2B3796C5-A674-4FD4-BD7E-7E0BDE9A663E}.Debug|x86.ActiveCfg = Debug|Any CPU
		{2B3796C5-A674-4FD4-BD7E-7E0BDE9A663E}.Debug|x86.Build.0 = Debug|Any CPU
		{2B3796C5-A674-4FD4-BD7E-7E0BDE9A663E}.Release|Any CPU.ActiveCfg = Release|Any CPU
		{2B3796C5-A674-4FD4-BD7E-7E0BDE9A663E}.Release|Any CPU.Build.0 = Release|Any CPU
		{2B3796C5-A674-4FD4-BD7E-7E0BDE9A663E}.Release|x64.ActiveCfg = Release|Any CPU
		{2B3796C5-A674-4FD4-BD7E-7E0BDE9A663E}.Release|x64.Build.0 = Release|Any CPU
		{2B3796C5-A674-4FD4-BD7E-7E0BDE9A663E}.Release|x86.ActiveCfg = Release|Any CPU
		{2B3796C5-A674-4FD4-BD7E-7E0BDE9A663E}.Release|x86.Build.0 = Release|Any CPU
		{5C790D09-E77B-473F-8991-DDA6B973038E}.Debug|Any CPU.ActiveCfg = Debug|Any CPU
		{5C790D09-E77B-473F-8991-DDA6B973038E}.Debug|Any CPU.Build.0 = Debug|Any CPU
		{5C790D09-E77B-473F-8991-DDA6B973038E}.Debug|x64.ActiveCfg = Debug|Any CPU
		{5C790D09-E77B-473F-8991-DDA6B973038E}.Debug|x64.Build.0 = Debug|Any CPU
		{5C790D09-E77B-473F-8991-DDA6B973038E}.Debug|x86.ActiveCfg = Debug|Any CPU
		{5C790D09-E77B-473F-8991-DDA6B973038E}.Debug|x86.Build.0 = Debug|Any CPU
		{5C790D09-E77B-473F-8991-DDA6B973038E}.Release|Any CPU.ActiveCfg = Release|Any CPU
		{5C790D09-E77B-473F-8991-DDA6B973038E}.Release|Any CPU.Build.0 = Release|Any CPU
		{5C790D09-E77B-473F-8991-DDA6B973038E}.Release|x64.ActiveCfg = Release|Any CPU
		{5C790D09-E77B-473F-8991-DDA6B973038E}.Release|x64.Build.0 = Release|Any CPU
		{5C790D09-E77B-473F-8991-DDA6B973038E}.Release|x86.ActiveCfg = Release|Any CPU
		{5C790D09-E77B-473F-8991-DDA6B973038E}.Release|x86.Build.0 = Release|Any CPU
		{4A904ED7-DCE3-4E75-9D51-98382BC4BFB7}.Debug|Any CPU.ActiveCfg = Debug|Any CPU
		{4A904ED7-DCE3-4E75-9D51-98382BC4BFB7}.Debug|Any CPU.Build.0 = Debug|Any CPU
		{4A904ED7-DCE3-4E75-9D51-98382BC4BFB7}.Debug|x64.ActiveCfg = Debug|Any CPU
		{4A904ED7-DCE3-4E75-9D51-98382BC4BFB7}.Debug|x64.Build.0 = Debug|Any CPU
		{4A904ED7-DCE3-4E75-9D51-98382BC4BFB7}.Debug|x86.ActiveCfg = Debug|Any CPU
		{4A904ED7-DCE3-4E75-9D51-98382BC4BFB7}.Debug|x86.Build.0 = Debug|Any CPU
		{4A904ED7-DCE3-4E75-9D51-98382BC4BFB7}.Release|Any CPU.ActiveCfg = Release|Any CPU
		{4A904ED7-DCE3-4E75-9D51-98382BC4BFB7}.Release|Any CPU.Build.0 = Release|Any CPU
		{4A904ED7-DCE3-4E75-9D51-98382BC4BFB7}.Release|x64.ActiveCfg = Release|Any CPU
		{4A904ED7-DCE3-4E75-9D51-98382BC4BFB7}.Release|x64.Build.0 = Release|Any CPU
		{4A904ED7-DCE3-4E75-9D51-98382BC4BFB7}.Release|x86.ActiveCfg = Release|Any CPU
		{4A904ED7-DCE3-4E75-9D51-98382BC4BFB7}.Release|x86.Build.0 = Release|Any CPU
		{D2499532-2523-431D-9EE0-0997C16579F7}.Debug|Any CPU.ActiveCfg = Debug|Any CPU
		{D2499532-2523-431D-9EE0-0997C16579F7}.Debug|Any CPU.Build.0 = Debug|Any CPU
		{D2499532-2523-431D-9EE0-0997C16579F7}.Debug|x64.ActiveCfg = Debug|Any CPU
		{D2499532-2523-431D-9EE0-0997C16579F7}.Debug|x64.Build.0 = Debug|Any CPU
		{D2499532-2523-431D-9EE0-0997C16579F7}.Debug|x86.ActiveCfg = Debug|Any CPU
		{D2499532-2523-431D-9EE0-0997C16579F7}.Debug|x86.Build.0 = Debug|Any CPU
		{D2499532-2523-431D-9EE0-0997C16579F7}.Release|Any CPU.ActiveCfg = Release|Any CPU
		{D2499532-2523-431D-9EE0-0997C16579F7}.Release|Any CPU.Build.0 = Release|Any CPU
		{D2499532-2523-431D-9EE0-0997C16579F7}.Release|x64.ActiveCfg = Release|Any CPU
		{D2499532-2523-431D-9EE0-0997C16579F7}.Release|x64.Build.0 = Release|Any CPU
		{D2499532-2523-431D-9EE0-0997C16579F7}.Release|x86.ActiveCfg = Release|Any CPU
		{D2499532-2523-431D-9EE0-0997C16579F7}.Release|x86.Build.0 = Release|Any CPU
		{0E6C5C29-0867-48E5-BDD3-B85B54684877}.Debug|Any CPU.ActiveCfg = Debug|Any CPU
		{0E6C5C29-0867-48E5-BDD3-B85B54684877}.Debug|Any CPU.Build.0 = Debug|Any CPU
		{0E6C5C29-0867-48E5-BDD3-B85B54684877}.Debug|x64.ActiveCfg = Debug|Any CPU
		{0E6C5C29-0867-48E5-BDD3-B85B54684877}.Debug|x64.Build.0 = Debug|Any CPU
		{0E6C5C29-0867-48E5-BDD3-B85B54684877}.Debug|x86.ActiveCfg = Debug|Any CPU
		{0E6C5C29-0867-48E5-BDD3-B85B54684877}.Debug|x86.Build.0 = Debug|Any CPU
		{0E6C5C29-0867-48E5-BDD3-B85B54684877}.Release|Any CPU.ActiveCfg = Release|Any CPU
		{0E6C5C29-0867-48E5-BDD3-B85B54684877}.Release|Any CPU.Build.0 = Release|Any CPU
		{0E6C5C29-0867-48E5-BDD3-B85B54684877}.Release|x64.ActiveCfg = Release|Any CPU
		{0E6C5C29-0867-48E5-BDD3-B85B54684877}.Release|x64.Build.0 = Release|Any CPU
		{0E6C5C29-0867-48E5-BDD3-B85B54684877}.Release|x86.ActiveCfg = Release|Any CPU
		{0E6C5C29-0867-48E5-BDD3-B85B54684877}.Release|x86.Build.0 = Release|Any CPU
		{BA2AF1A3-C1CE-49FB-94A7-ACDDA29860D2}.Debug|Any CPU.ActiveCfg = Debug|Any CPU
		{BA2AF1A3-C1CE-49FB-94A7-ACDDA29860D2}.Debug|Any CPU.Build.0 = Debug|Any CPU
		{BA2AF1A3-C1CE-49FB-94A7-ACDDA29860D2}.Debug|x64.ActiveCfg = Debug|Any CPU
		{BA2AF1A3-C1CE-49FB-94A7-ACDDA29860D2}.Debug|x64.Build.0 = Debug|Any CPU
		{BA2AF1A3-C1CE-49FB-94A7-ACDDA29860D2}.Debug|x86.ActiveCfg = Debug|Any CPU
		{BA2AF1A3-C1CE-49FB-94A7-ACDDA29860D2}.Debug|x86.Build.0 = Debug|Any CPU
		{BA2AF1A3-C1CE-49FB-94A7-ACDDA29860D2}.Release|Any CPU.ActiveCfg = Release|Any CPU
		{BA2AF1A3-C1CE-49FB-94A7-ACDDA29860D2}.Release|Any CPU.Build.0 = Release|Any CPU
		{BA2AF1A3-C1CE-49FB-94A7-ACDDA29860D2}.Release|x64.ActiveCfg = Release|Any CPU
		{BA2AF1A3-C1CE-49FB-94A7-ACDDA29860D2}.Release|x64.Build.0 = Release|Any CPU
		{BA2AF1A3-C1CE-49FB-94A7-ACDDA29860D2}.Release|x86.ActiveCfg = Release|Any CPU
		{BA2AF1A3-C1CE-49FB-94A7-ACDDA29860D2}.Release|x86.Build.0 = Release|Any CPU
		{0F6DA410-BCFB-442F-8B6E-72DF235498EF}.Debug|Any CPU.ActiveCfg = Debug|Any CPU
		{0F6DA410-BCFB-442F-8B6E-72DF235498EF}.Debug|Any CPU.Build.0 = Debug|Any CPU
		{0F6DA410-BCFB-442F-8B6E-72DF235498EF}.Debug|x64.ActiveCfg = Debug|Any CPU
		{0F6DA410-BCFB-442F-8B6E-72DF235498EF}.Debug|x64.Build.0 = Debug|Any CPU
		{0F6DA410-BCFB-442F-8B6E-72DF235498EF}.Debug|x86.ActiveCfg = Debug|Any CPU
		{0F6DA410-BCFB-442F-8B6E-72DF235498EF}.Debug|x86.Build.0 = Debug|Any CPU
		{0F6DA410-BCFB-442F-8B6E-72DF235498EF}.Release|Any CPU.ActiveCfg = Release|Any CPU
		{0F6DA410-BCFB-442F-8B6E-72DF235498EF}.Release|Any CPU.Build.0 = Release|Any CPU
		{0F6DA410-BCFB-442F-8B6E-72DF235498EF}.Release|x64.ActiveCfg = Release|Any CPU
		{0F6DA410-BCFB-442F-8B6E-72DF235498EF}.Release|x64.Build.0 = Release|Any CPU
		{0F6DA410-BCFB-442F-8B6E-72DF235498EF}.Release|x86.ActiveCfg = Release|Any CPU
		{0F6DA410-BCFB-442F-8B6E-72DF235498EF}.Release|x86.Build.0 = Release|Any CPU
		{22F32BCF-E0F8-47DA-BF2E-29B2BFE6B7C7}.Debug|Any CPU.ActiveCfg = Debug|Any CPU
		{22F32BCF-E0F8-47DA-BF2E-29B2BFE6B7C7}.Debug|Any CPU.Build.0 = Debug|Any CPU
		{22F32BCF-E0F8-47DA-BF2E-29B2BFE6B7C7}.Debug|x64.ActiveCfg = Debug|Any CPU
		{22F32BCF-E0F8-47DA-BF2E-29B2BFE6B7C7}.Debug|x64.Build.0 = Debug|Any CPU
		{22F32BCF-E0F8-47DA-BF2E-29B2BFE6B7C7}.Debug|x86.ActiveCfg = Debug|Any CPU
		{22F32BCF-E0F8-47DA-BF2E-29B2BFE6B7C7}.Debug|x86.Build.0 = Debug|Any CPU
		{22F32BCF-E0F8-47DA-BF2E-29B2BFE6B7C7}.Release|Any CPU.ActiveCfg = Release|Any CPU
		{22F32BCF-E0F8-47DA-BF2E-29B2BFE6B7C7}.Release|Any CPU.Build.0 = Release|Any CPU
		{22F32BCF-E0F8-47DA-BF2E-29B2BFE6B7C7}.Release|x64.ActiveCfg = Release|Any CPU
		{22F32BCF-E0F8-47DA-BF2E-29B2BFE6B7C7}.Release|x64.Build.0 = Release|Any CPU
		{22F32BCF-E0F8-47DA-BF2E-29B2BFE6B7C7}.Release|x86.ActiveCfg = Release|Any CPU
		{22F32BCF-E0F8-47DA-BF2E-29B2BFE6B7C7}.Release|x86.Build.0 = Release|Any CPU
		{45C1345F-F0E4-41A1-A164-6D53201F8F7B}.Debug|Any CPU.ActiveCfg = Debug|Any CPU
		{45C1345F-F0E4-41A1-A164-6D53201F8F7B}.Debug|Any CPU.Build.0 = Debug|Any CPU
		{45C1345F-F0E4-41A1-A164-6D53201F8F7B}.Debug|x64.ActiveCfg = Debug|Any CPU
		{45C1345F-F0E4-41A1-A164-6D53201F8F7B}.Debug|x64.Build.0 = Debug|Any CPU
		{45C1345F-F0E4-41A1-A164-6D53201F8F7B}.Debug|x86.ActiveCfg = Debug|Any CPU
		{45C1345F-F0E4-41A1-A164-6D53201F8F7B}.Debug|x86.Build.0 = Debug|Any CPU
		{45C1345F-F0E4-41A1-A164-6D53201F8F7B}.Release|Any CPU.ActiveCfg = Release|Any CPU
		{45C1345F-F0E4-41A1-A164-6D53201F8F7B}.Release|Any CPU.Build.0 = Release|Any CPU
		{45C1345F-F0E4-41A1-A164-6D53201F8F7B}.Release|x64.ActiveCfg = Release|Any CPU
		{45C1345F-F0E4-41A1-A164-6D53201F8F7B}.Release|x64.Build.0 = Release|Any CPU
		{45C1345F-F0E4-41A1-A164-6D53201F8F7B}.Release|x86.ActiveCfg = Release|Any CPU
		{45C1345F-F0E4-41A1-A164-6D53201F8F7B}.Release|x86.Build.0 = Release|Any CPU
		{C59E0EBB-4F6F-4951-A2B8-0B6164E188BC}.Debug|Any CPU.ActiveCfg = Debug|Any CPU
		{C59E0EBB-4F6F-4951-A2B8-0B6164E188BC}.Debug|Any CPU.Build.0 = Debug|Any CPU
		{C59E0EBB-4F6F-4951-A2B8-0B6164E188BC}.Debug|x64.ActiveCfg = Debug|Any CPU
		{C59E0EBB-4F6F-4951-A2B8-0B6164E188BC}.Debug|x64.Build.0 = Debug|Any CPU
		{C59E0EBB-4F6F-4951-A2B8-0B6164E188BC}.Debug|x86.ActiveCfg = Debug|Any CPU
		{C59E0EBB-4F6F-4951-A2B8-0B6164E188BC}.Debug|x86.Build.0 = Debug|Any CPU
		{C59E0EBB-4F6F-4951-A2B8-0B6164E188BC}.Release|Any CPU.ActiveCfg = Release|Any CPU
		{C59E0EBB-4F6F-4951-A2B8-0B6164E188BC}.Release|Any CPU.Build.0 = Release|Any CPU
		{C59E0EBB-4F6F-4951-A2B8-0B6164E188BC}.Release|x64.ActiveCfg = Release|Any CPU
		{C59E0EBB-4F6F-4951-A2B8-0B6164E188BC}.Release|x64.Build.0 = Release|Any CPU
		{C59E0EBB-4F6F-4951-A2B8-0B6164E188BC}.Release|x86.ActiveCfg = Release|Any CPU
		{C59E0EBB-4F6F-4951-A2B8-0B6164E188BC}.Release|x86.Build.0 = Release|Any CPU
	EndGlobalSection
	GlobalSection(SolutionProperties) = preSolution
		HideSolutionNode = FALSE
	EndGlobalSection
	GlobalSection(NestedProjects) = preSolution
		{5AB53D53-7499-4E82-A7CC-2AE0B145616B} = {0EB1A462-6A2B-42AC-B99C-8D61CBAD1ED2}
		{1B94ED97-7E69-4B25-B5A1-4BBDB61DE3DC} = {FCF5EE34-47B3-4134-A459-2A1A465F2845}
		{BB692DF9-50BF-42C5-8D02-376E5EACE698} = {0EB1A462-6A2B-42AC-B99C-8D61CBAD1ED2}
		{A90E9141-DE10-4188-835B-75FFD9388276} = {0EB1A462-6A2B-42AC-B99C-8D61CBAD1ED2}
		{83E3DF11-3C88-40C1-9E19-DDC5C1E83704} = {0EB1A462-6A2B-42AC-B99C-8D61CBAD1ED2}
		{C0E9EA3E-BE89-49CE-A8DE-35CC42AA0648} = {0EB1A462-6A2B-42AC-B99C-8D61CBAD1ED2}
		{E3B6D012-F806-4F3F-B465-1AECA08E9FDF} = {0EB1A462-6A2B-42AC-B99C-8D61CBAD1ED2}
		{BFF00385-A08C-415C-807C-BAA1ED151FE2} = {0EB1A462-6A2B-42AC-B99C-8D61CBAD1ED2}
		{976D2568-6F1D-4417-99D8-E2A8B36FFD30} = {0EB1A462-6A2B-42AC-B99C-8D61CBAD1ED2}
		{F1AC34C7-285C-47F6-88F2-C34A131E6326} = {FCF5EE34-47B3-4134-A459-2A1A465F2845}
		{A7AD933F-A47D-4FF8-830B-18167B62EBF3} = {FCF5EE34-47B3-4134-A459-2A1A465F2845}
		{1052CE20-E364-4FB1-B572-4EA2C3B2B808} = {FCF5EE34-47B3-4134-A459-2A1A465F2845}
		{2B3796C5-A674-4FD4-BD7E-7E0BDE9A663E} = {FCF5EE34-47B3-4134-A459-2A1A465F2845}
		{5C790D09-E77B-473F-8991-DDA6B973038E} = {0EB1A462-6A2B-42AC-B99C-8D61CBAD1ED2}
		{4A904ED7-DCE3-4E75-9D51-98382BC4BFB7} = {0EB1A462-6A2B-42AC-B99C-8D61CBAD1ED2}
		{D2499532-2523-431D-9EE0-0997C16579F7} = {0EB1A462-6A2B-42AC-B99C-8D61CBAD1ED2}
		{0E6C5C29-0867-48E5-BDD3-B85B54684877} = {0EB1A462-6A2B-42AC-B99C-8D61CBAD1ED2}
		{BA2AF1A3-C1CE-49FB-94A7-ACDDA29860D2} = {0EB1A462-6A2B-42AC-B99C-8D61CBAD1ED2}
		{0F6DA410-BCFB-442F-8B6E-72DF235498EF} = {0EB1A462-6A2B-42AC-B99C-8D61CBAD1ED2}
		{22F32BCF-E0F8-47DA-BF2E-29B2BFE6B7C7} = {0EB1A462-6A2B-42AC-B99C-8D61CBAD1ED2}
		{45C1345F-F0E4-41A1-A164-6D53201F8F7B} = {0EB1A462-6A2B-42AC-B99C-8D61CBAD1ED2}
		{C59E0EBB-4F6F-4951-A2B8-0B6164E188BC} = {FCF5EE34-47B3-4134-A459-2A1A465F2845}
	EndGlobalSection
	GlobalSection(ExtensibilityGlobals) = postSolution
		SolutionGuid = {9A069FB9-F39D-4B71-970B-F15504AD6B4B}
	EndGlobalSection
EndGlobal
